// !$*UTF8*$!
{
	archiveVersion = 1;
	classes = {
	};
	objectVersion = 46;
	objects = {

/* Begin PBXBuildFile section */
		E720AF1D13E5BFE3007D1564 /* SetupViewController.xib in Resources */ = {isa = PBXBuildFile; fileRef = E720AF1C13E5BFE3007D1564 /* SetupViewController.xib */; };
		E720AF2213E5C2BF007D1564 /* SetupViewController.m in Sources */ = {isa = PBXBuildFile; fileRef = E720AF2013E5C2BF007D1564 /* SetupViewController.m */; };
		E720AF8213E5EBEF007D1564 /* CFNetwork.framework in Frameworks */ = {isa = PBXBuildFile; fileRef = E720AF8113E5EBEF007D1564 /* CFNetwork.framework */; };
		E720AF8413E5EC10007D1564 /* MobileCoreServices.framework in Frameworks */ = {isa = PBXBuildFile; fileRef = E720AF8313E5EC10007D1564 /* MobileCoreServices.framework */; };
		E720AF8613E5EC1A007D1564 /* SystemConfiguration.framework in Frameworks */ = {isa = PBXBuildFile; fileRef = E720AF8513E5EC1A007D1564 /* SystemConfiguration.framework */; };
		E720AF8813E5EC28007D1564 /* libxml2.dylib in Frameworks */ = {isa = PBXBuildFile; fileRef = E720AF8713E5EC27007D1564 /* libxml2.dylib */; };
		E720AF9513E5ECE6007D1564 /* libRestKitJSONParserJSONKit.a in Frameworks */ = {isa = PBXBuildFile; fileRef = E720AF7513E5E9AE007D1564 /* libRestKitJSONParserJSONKit.a */; };
		E720AF9613E5ECE6007D1564 /* libRestKitNetwork.a in Frameworks */ = {isa = PBXBuildFile; fileRef = E720AF6913E5E9AE007D1564 /* libRestKitNetwork.a */; };
		E720AF9713E5ECE6007D1564 /* libRestKitObjectMapping.a in Frameworks */ = {isa = PBXBuildFile; fileRef = E720AF6B13E5E9AE007D1564 /* libRestKitObjectMapping.a */; };
		E720AF9813E5ECE6007D1564 /* libRestKitSupport.a in Frameworks */ = {isa = PBXBuildFile; fileRef = E720AF6D13E5E9AE007D1564 /* libRestKitSupport.a */; };
		E74B6AD013E4D82600AA1A98 /* SMXMLDocument.m in Sources */ = {isa = PBXBuildFile; fileRef = E74B6ACF13E4D82600AA1A98 /* SMXMLDocument.m */; };
		E7AF37A713E4B98300DB58CA /* UIKit.framework in Frameworks */ = {isa = PBXBuildFile; fileRef = E7AF37A613E4B98300DB58CA /* UIKit.framework */; };
		E7AF37A913E4B98300DB58CA /* Foundation.framework in Frameworks */ = {isa = PBXBuildFile; fileRef = E7AF37A813E4B98300DB58CA /* Foundation.framework */; };
		E7AF37AB13E4B98300DB58CA /* CoreGraphics.framework in Frameworks */ = {isa = PBXBuildFile; fileRef = E7AF37AA13E4B98300DB58CA /* CoreGraphics.framework */; };
		E7AF37AD13E4B98300DB58CA /* CoreData.framework in Frameworks */ = {isa = PBXBuildFile; fileRef = E7AF37AC13E4B98300DB58CA /* CoreData.framework */; };
		E7AF37B313E4B98300DB58CA /* InfoPlist.strings in Resources */ = {isa = PBXBuildFile; fileRef = E7AF37B113E4B98300DB58CA /* InfoPlist.strings */; };
		E7AF37B513E4B98300DB58CA /* main.m in Sources */ = {isa = PBXBuildFile; fileRef = E7AF37B413E4B98300DB58CA /* main.m */; };
		E7AF37B913E4B98300DB58CA /* EmojiCharadesAppDelegate.m in Sources */ = {isa = PBXBuildFile; fileRef = E7AF37B813E4B98300DB58CA /* EmojiCharadesAppDelegate.m */; };
		E7AF37BC13E4B98300DB58CA /* EmojiCharades.xcdatamodeld in Sources */ = {isa = PBXBuildFile; fileRef = E7AF37BA13E4B98300DB58CA /* EmojiCharades.xcdatamodeld */; };
		E7AF37BF13E4B98300DB58CA /* MainWindow.xib in Resources */ = {isa = PBXBuildFile; fileRef = E7AF37BD13E4B98300DB58CA /* MainWindow.xib */; };
		E7AF37C213E4B98300DB58CA /* RootViewController.m in Sources */ = {isa = PBXBuildFile; fileRef = E7AF37C113E4B98300DB58CA /* RootViewController.m */; };
		E7AF37C513E4B98300DB58CA /* RootViewController.xib in Resources */ = {isa = PBXBuildFile; fileRef = E7AF37C313E4B98300DB58CA /* RootViewController.xib */; };
		E7AF37CD13E4B98300DB58CA /* SenTestingKit.framework in Frameworks */ = {isa = PBXBuildFile; fileRef = E7AF37CC13E4B98300DB58CA /* SenTestingKit.framework */; };
		E7AF37CE13E4B98300DB58CA /* UIKit.framework in Frameworks */ = {isa = PBXBuildFile; fileRef = E7AF37A613E4B98300DB58CA /* UIKit.framework */; };
		E7AF37CF13E4B98300DB58CA /* Foundation.framework in Frameworks */ = {isa = PBXBuildFile; fileRef = E7AF37A813E4B98300DB58CA /* Foundation.framework */; };
		E7AF37D013E4B98300DB58CA /* CoreGraphics.framework in Frameworks */ = {isa = PBXBuildFile; fileRef = E7AF37AA13E4B98300DB58CA /* CoreGraphics.framework */; };
		E7AF37D113E4B98300DB58CA /* CoreData.framework in Frameworks */ = {isa = PBXBuildFile; fileRef = E7AF37AC13E4B98300DB58CA /* CoreData.framework */; };
		E7AF37D913E4B98300DB58CA /* InfoPlist.strings in Resources */ = {isa = PBXBuildFile; fileRef = E7AF37D713E4B98300DB58CA /* InfoPlist.strings */; };
		E7AF37DB13E4B98300DB58CA /* EmojiCharadesTests.h in Resources */ = {isa = PBXBuildFile; fileRef = E7AF37DA13E4B98300DB58CA /* EmojiCharadesTests.h */; };
		E7AF37DD13E4B98300DB58CA /* EmojiCharadesTests.m in Sources */ = {isa = PBXBuildFile; fileRef = E7AF37DC13E4B98300DB58CA /* EmojiCharadesTests.m */; };
/* End PBXBuildFile section */

/* Begin PBXContainerItemProxy section */
		E720AF6813E5E9AE007D1564 /* PBXContainerItemProxy */ = {
			isa = PBXContainerItemProxy;
			containerPortal = E720AF5413E5E9AD007D1564 /* RestKit.xcodeproj */;
			proxyType = 2;
			remoteGlobalIDString = 253A07FC1255161B00976E89;
			remoteInfo = RestKitNetwork;
		};
		E720AF6A13E5E9AE007D1564 /* PBXContainerItemProxy */ = {
			isa = PBXContainerItemProxy;
			containerPortal = E720AF5413E5E9AD007D1564 /* RestKit.xcodeproj */;
			proxyType = 2;
			remoteGlobalIDString = 253A08031255162C00976E89;
			remoteInfo = RestKitObjectMapping;
		};
		E720AF6C13E5E9AE007D1564 /* PBXContainerItemProxy */ = {
			isa = PBXContainerItemProxy;
			containerPortal = E720AF5413E5E9AD007D1564 /* RestKit.xcodeproj */;
			proxyType = 2;
			remoteGlobalIDString = 253A080C12551D3000976E89;
			remoteInfo = RestKitSupport;
		};
		E720AF6E13E5E9AE007D1564 /* PBXContainerItemProxy */ = {
			isa = PBXContainerItemProxy;
			containerPortal = E720AF5413E5E9AD007D1564 /* RestKit.xcodeproj */;
			proxyType = 2;
			remoteGlobalIDString = 20808DBD13DE8CDC000A156A;
			remoteInfo = "RestKitJSONParser+NXJSON";
		};
		E720AF7013E5E9AE007D1564 /* PBXContainerItemProxy */ = {
			isa = PBXContainerItemProxy;
			containerPortal = E720AF5413E5E9AD007D1564 /* RestKit.xcodeproj */;
			proxyType = 2;
			remoteGlobalIDString = 2590E64F125231F600531FA8;
			remoteInfo = "RestKitJSONParser+YAJL";
		};
		E720AF7213E5E9AE007D1564 /* PBXContainerItemProxy */ = {
			isa = PBXContainerItemProxy;
			containerPortal = E720AF5413E5E9AD007D1564 /* RestKit.xcodeproj */;
			proxyType = 2;
			remoteGlobalIDString = 2590E66B1252353700531FA8;
			remoteInfo = "RestKitJSONParser+SBJSON";
		};
		E720AF7413E5E9AE007D1564 /* PBXContainerItemProxy */ = {
			isa = PBXContainerItemProxy;
			containerPortal = E720AF5413E5E9AD007D1564 /* RestKit.xcodeproj */;
			proxyType = 2;
			remoteGlobalIDString = 73057FD11331AD2E001908EE;
			remoteInfo = "RestKitJSONParser+JSONKit";
		};
		E720AF7613E5E9AE007D1564 /* PBXContainerItemProxy */ = {
			isa = PBXContainerItemProxy;
			containerPortal = E720AF5413E5E9AD007D1564 /* RestKit.xcodeproj */;
			proxyType = 2;
			remoteGlobalIDString = 25BD43BD1340315800DBACDD;
			remoteInfo = "RestKitXMLParser+Libxml";
		};
		E720AF7813E5E9AE007D1564 /* PBXContainerItemProxy */ = {
			isa = PBXContainerItemProxy;
			containerPortal = E720AF5413E5E9AD007D1564 /* RestKit.xcodeproj */;
			proxyType = 2;
			remoteGlobalIDString = 253A081412551D5300976E89;
			remoteInfo = RestKitCoreData;
		};
		E720AF7A13E5E9AE007D1564 /* PBXContainerItemProxy */ = {
			isa = PBXContainerItemProxy;
			containerPortal = E720AF5413E5E9AD007D1564 /* RestKit.xcodeproj */;
			proxyType = 2;
			remoteGlobalIDString = 2523360511E79F090048F9B4;
			remoteInfo = RestKitThree20;
		};
		E720AF7C13E5E9AE007D1564 /* PBXContainerItemProxy */ = {
			isa = PBXContainerItemProxy;
			containerPortal = E720AF5413E5E9AD007D1564 /* RestKit.xcodeproj */;
			proxyType = 2;
			remoteGlobalIDString = 3F6C39A510FE5C95008F47C5;
			remoteInfo = UISpec;
		};
		E720AF7F13E5EBDE007D1564 /* PBXContainerItemProxy */ = {
			isa = PBXContainerItemProxy;
			containerPortal = E720AF5413E5E9AD007D1564 /* RestKit.xcodeproj */;
			proxyType = 1;
			remoteGlobalIDString = 255B7588133BABBF00ED76AD;
			remoteInfo = RestKit;
		};
		E720AF8D13E5ECCF007D1564 /* PBXContainerItemProxy */ = {
			isa = PBXContainerItemProxy;
			containerPortal = E720AF5413E5E9AD007D1564 /* RestKit.xcodeproj */;
			proxyType = 1;
			remoteGlobalIDString = 253A07FB1255161B00976E89;
			remoteInfo = RestKitNetwork;
		};
		E720AF8F13E5ECCF007D1564 /* PBXContainerItemProxy */ = {
			isa = PBXContainerItemProxy;
			containerPortal = E720AF5413E5E9AD007D1564 /* RestKit.xcodeproj */;
			proxyType = 1;
			remoteGlobalIDString = 253A08021255162C00976E89;
			remoteInfo = RestKitObjectMapping;
		};
		E720AF9113E5ECCF007D1564 /* PBXContainerItemProxy */ = {
			isa = PBXContainerItemProxy;
			containerPortal = E720AF5413E5E9AD007D1564 /* RestKit.xcodeproj */;
			proxyType = 1;
			remoteGlobalIDString = 253A080B12551D3000976E89;
			remoteInfo = RestKitSupport;
		};
		E720AF9313E5ECCF007D1564 /* PBXContainerItemProxy */ = {
			isa = PBXContainerItemProxy;
			containerPortal = E720AF5413E5E9AD007D1564 /* RestKit.xcodeproj */;
			proxyType = 1;
			remoteGlobalIDString = 73057FD01331AD2E001908EE;
			remoteInfo = "RestKitJSONParser+JSONKit";
		};
		E7AF37D213E4B98300DB58CA /* PBXContainerItemProxy */ = {
			isa = PBXContainerItemProxy;
			containerPortal = E7AF379913E4B98200DB58CA /* Project object */;
			proxyType = 1;
			remoteGlobalIDString = E7AF37A113E4B98300DB58CA;
			remoteInfo = EmojiCharades;
		};
/* End PBXContainerItemProxy section */

/* Begin PBXFileReference section */
		E720AF1C13E5BFE3007D1564 /* SetupViewController.xib */ = {isa = PBXFileReference; fileEncoding = 4; lastKnownFileType = file.xib; path = SetupViewController.xib; sourceTree = "<group>"; };
		E720AF1F13E5C2BF007D1564 /* SetupViewController.h */ = {isa = PBXFileReference; fileEncoding = 4; lastKnownFileType = sourcecode.c.h; path = SetupViewController.h; sourceTree = "<group>"; };
		E720AF2013E5C2BF007D1564 /* SetupViewController.m */ = {isa = PBXFileReference; fileEncoding = 4; lastKnownFileType = sourcecode.c.objc; path = SetupViewController.m; sourceTree = "<group>"; };
		E720AF5413E5E9AD007D1564 /* RestKit.xcodeproj */ = {isa = PBXFileReference; lastKnownFileType = "wrapper.pb-project"; name = RestKit.xcodeproj; path = ../RestKit.xcodeproj; sourceTree = "<group>"; };
		E720AF8113E5EBEF007D1564 /* CFNetwork.framework */ = {isa = PBXFileReference; lastKnownFileType = wrapper.framework; name = CFNetwork.framework; path = System/Library/Frameworks/CFNetwork.framework; sourceTree = SDKROOT; };
		E720AF8313E5EC10007D1564 /* MobileCoreServices.framework */ = {isa = PBXFileReference; lastKnownFileType = wrapper.framework; name = MobileCoreServices.framework; path = System/Library/Frameworks/MobileCoreServices.framework; sourceTree = SDKROOT; };
		E720AF8513E5EC1A007D1564 /* SystemConfiguration.framework */ = {isa = PBXFileReference; lastKnownFileType = wrapper.framework; name = SystemConfiguration.framework; path = System/Library/Frameworks/SystemConfiguration.framework; sourceTree = SDKROOT; };
		E720AF8713E5EC27007D1564 /* libxml2.dylib */ = {isa = PBXFileReference; lastKnownFileType = "compiled.mach-o.dylib"; name = libxml2.dylib; path = usr/lib/libxml2.dylib; sourceTree = SDKROOT; };
		E74B6ACE13E4D82600AA1A98 /* SMXMLDocument.h */ = {isa = PBXFileReference; fileEncoding = 4; lastKnownFileType = sourcecode.c.h; path = SMXMLDocument.h; sourceTree = "<group>"; };
		E74B6ACF13E4D82600AA1A98 /* SMXMLDocument.m */ = {isa = PBXFileReference; fileEncoding = 4; lastKnownFileType = sourcecode.c.objc; path = SMXMLDocument.m; sourceTree = "<group>"; };
		E7AF37A213E4B98300DB58CA /* EmojiCharades.app */ = {isa = PBXFileReference; explicitFileType = wrapper.application; includeInIndex = 0; path = EmojiCharades.app; sourceTree = BUILT_PRODUCTS_DIR; };
		E7AF37A613E4B98300DB58CA /* UIKit.framework */ = {isa = PBXFileReference; lastKnownFileType = wrapper.framework; name = UIKit.framework; path = System/Library/Frameworks/UIKit.framework; sourceTree = SDKROOT; };
		E7AF37A813E4B98300DB58CA /* Foundation.framework */ = {isa = PBXFileReference; lastKnownFileType = wrapper.framework; name = Foundation.framework; path = System/Library/Frameworks/Foundation.framework; sourceTree = SDKROOT; };
		E7AF37AA13E4B98300DB58CA /* CoreGraphics.framework */ = {isa = PBXFileReference; lastKnownFileType = wrapper.framework; name = CoreGraphics.framework; path = System/Library/Frameworks/CoreGraphics.framework; sourceTree = SDKROOT; };
		E7AF37AC13E4B98300DB58CA /* CoreData.framework */ = {isa = PBXFileReference; lastKnownFileType = wrapper.framework; name = CoreData.framework; path = System/Library/Frameworks/CoreData.framework; sourceTree = SDKROOT; };
		E7AF37B013E4B98300DB58CA /* EmojiCharades-Info.plist */ = {isa = PBXFileReference; lastKnownFileType = text.plist.xml; path = "EmojiCharades-Info.plist"; sourceTree = "<group>"; };
		E7AF37B213E4B98300DB58CA /* en */ = {isa = PBXFileReference; lastKnownFileType = text.plist.strings; name = en; path = en.lproj/InfoPlist.strings; sourceTree = "<group>"; };
		E7AF37B413E4B98300DB58CA /* main.m */ = {isa = PBXFileReference; lastKnownFileType = sourcecode.c.objc; path = main.m; sourceTree = "<group>"; };
		E7AF37B613E4B98300DB58CA /* EmojiCharades-Prefix.pch */ = {isa = PBXFileReference; lastKnownFileType = sourcecode.c.h; path = "EmojiCharades-Prefix.pch"; sourceTree = "<group>"; };
		E7AF37B713E4B98300DB58CA /* EmojiCharadesAppDelegate.h */ = {isa = PBXFileReference; lastKnownFileType = sourcecode.c.h; path = EmojiCharadesAppDelegate.h; sourceTree = "<group>"; };
		E7AF37B813E4B98300DB58CA /* EmojiCharadesAppDelegate.m */ = {isa = PBXFileReference; lastKnownFileType = sourcecode.c.objc; path = EmojiCharadesAppDelegate.m; sourceTree = "<group>"; };
		E7AF37BB13E4B98300DB58CA /* EmojiCharades.xcdatamodel */ = {isa = PBXFileReference; lastKnownFileType = wrapper.xcdatamodel; path = EmojiCharades.xcdatamodel; sourceTree = "<group>"; };
		E7AF37BE13E4B98300DB58CA /* en */ = {isa = PBXFileReference; lastKnownFileType = file.xib; name = en; path = en.lproj/MainWindow.xib; sourceTree = "<group>"; };
		E7AF37C013E4B98300DB58CA /* RootViewController.h */ = {isa = PBXFileReference; lastKnownFileType = sourcecode.c.h; path = RootViewController.h; sourceTree = "<group>"; };
		E7AF37C113E4B98300DB58CA /* RootViewController.m */ = {isa = PBXFileReference; lastKnownFileType = sourcecode.c.objc; path = RootViewController.m; sourceTree = "<group>"; };
		E7AF37C413E4B98300DB58CA /* en */ = {isa = PBXFileReference; lastKnownFileType = file.xib; name = en; path = en.lproj/RootViewController.xib; sourceTree = "<group>"; };
		E7AF37CB13E4B98300DB58CA /* EmojiCharadesTests.octest */ = {isa = PBXFileReference; explicitFileType = wrapper.cfbundle; includeInIndex = 0; path = EmojiCharadesTests.octest; sourceTree = BUILT_PRODUCTS_DIR; };
		E7AF37CC13E4B98300DB58CA /* SenTestingKit.framework */ = {isa = PBXFileReference; lastKnownFileType = wrapper.framework; name = SenTestingKit.framework; path = Library/Frameworks/SenTestingKit.framework; sourceTree = DEVELOPER_DIR; };
		E7AF37D613E4B98300DB58CA /* EmojiCharadesTests-Info.plist */ = {isa = PBXFileReference; lastKnownFileType = text.plist.xml; path = "EmojiCharadesTests-Info.plist"; sourceTree = "<group>"; };
		E7AF37D813E4B98300DB58CA /* en */ = {isa = PBXFileReference; lastKnownFileType = text.plist.strings; name = en; path = en.lproj/InfoPlist.strings; sourceTree = "<group>"; };
		E7AF37DA13E4B98300DB58CA /* EmojiCharadesTests.h */ = {isa = PBXFileReference; lastKnownFileType = sourcecode.c.h; path = EmojiCharadesTests.h; sourceTree = "<group>"; };
		E7AF37DC13E4B98300DB58CA /* EmojiCharadesTests.m */ = {isa = PBXFileReference; lastKnownFileType = sourcecode.c.objc; path = EmojiCharadesTests.m; sourceTree = "<group>"; };
/* End PBXFileReference section */

/* Begin PBXFrameworksBuildPhase section */
		E7AF379F13E4B98300DB58CA /* Frameworks */ = {
			isa = PBXFrameworksBuildPhase;
			buildActionMask = 2147483647;
			files = (
				E720AF9513E5ECE6007D1564 /* libRestKitJSONParserJSONKit.a in Frameworks */,
				E720AF9613E5ECE6007D1564 /* libRestKitNetwork.a in Frameworks */,
				E720AF9713E5ECE6007D1564 /* libRestKitObjectMapping.a in Frameworks */,
				E720AF9813E5ECE6007D1564 /* libRestKitSupport.a in Frameworks */,
				E720AF8813E5EC28007D1564 /* libxml2.dylib in Frameworks */,
				E720AF8613E5EC1A007D1564 /* SystemConfiguration.framework in Frameworks */,
				E720AF8413E5EC10007D1564 /* MobileCoreServices.framework in Frameworks */,
				E720AF8213E5EBEF007D1564 /* CFNetwork.framework in Frameworks */,
				E7AF37A713E4B98300DB58CA /* UIKit.framework in Frameworks */,
				E7AF37A913E4B98300DB58CA /* Foundation.framework in Frameworks */,
				E7AF37AB13E4B98300DB58CA /* CoreGraphics.framework in Frameworks */,
				E7AF37AD13E4B98300DB58CA /* CoreData.framework in Frameworks */,
			);
			runOnlyForDeploymentPostprocessing = 0;
		};
		E7AF37C713E4B98300DB58CA /* Frameworks */ = {
			isa = PBXFrameworksBuildPhase;
			buildActionMask = 2147483647;
			files = (
				E7AF37CD13E4B98300DB58CA /* SenTestingKit.framework in Frameworks */,
				E7AF37CE13E4B98300DB58CA /* UIKit.framework in Frameworks */,
				E7AF37CF13E4B98300DB58CA /* Foundation.framework in Frameworks */,
				E7AF37D013E4B98300DB58CA /* CoreGraphics.framework in Frameworks */,
				E7AF37D113E4B98300DB58CA /* CoreData.framework in Frameworks */,
			);
			runOnlyForDeploymentPostprocessing = 0;
		};
/* End PBXFrameworksBuildPhase section */

/* Begin PBXGroup section */
		E720AF5513E5E9AD007D1564 /* Products */ = {
			isa = PBXGroup;
			children = (
				E720AF6913E5E9AE007D1564 /* libRestKitNetwork.a */,
				E720AF6B13E5E9AE007D1564 /* libRestKitObjectMapping.a */,
				E720AF6D13E5E9AE007D1564 /* libRestKitSupport.a */,
				E720AF6F13E5E9AE007D1564 /* libRestKitJSONParser+NXJSON.a */,
				E720AF7113E5E9AE007D1564 /* libRestKitJSONParserYAJL.a */,
				E720AF7313E5E9AE007D1564 /* libRestKitJSONParserSBJSON.a */,
				E720AF7513E5E9AE007D1564 /* libRestKitJSONParserJSONKit.a */,
				E720AF7713E5E9AE007D1564 /* libRestKitXMLParserLibxml.a */,
				E720AF7913E5E9AE007D1564 /* libRestKitCoreData.a */,
				E720AF7B13E5E9AE007D1564 /* libRestKitThree20.a */,
				E720AF7D13E5E9AE007D1564 /* UISpec.app */,
			);
			name = Products;
			sourceTree = "<group>";
		};
		E7AF379713E4B98200DB58CA = {
			isa = PBXGroup;
			children = (
				E720AF8713E5EC27007D1564 /* libxml2.dylib */,
				E720AF8513E5EC1A007D1564 /* SystemConfiguration.framework */,
				E720AF8313E5EC10007D1564 /* MobileCoreServices.framework */,
				E720AF8113E5EBEF007D1564 /* CFNetwork.framework */,
				E720AF5413E5E9AD007D1564 /* RestKit.xcodeproj */,
				E7AF37AE13E4B98300DB58CA /* EmojiCharades */,
				E7AF37D413E4B98300DB58CA /* EmojiCharadesTests */,
				E7AF37A513E4B98300DB58CA /* Frameworks */,
				E7AF37A313E4B98300DB58CA /* Products */,
			);
			sourceTree = "<group>";
		};
		E7AF37A313E4B98300DB58CA /* Products */ = {
			isa = PBXGroup;
			children = (
				E7AF37A213E4B98300DB58CA /* EmojiCharades.app */,
				E7AF37CB13E4B98300DB58CA /* EmojiCharadesTests.octest */,
			);
			name = Products;
			sourceTree = "<group>";
		};
		E7AF37A513E4B98300DB58CA /* Frameworks */ = {
			isa = PBXGroup;
			children = (
				E7AF37A613E4B98300DB58CA /* UIKit.framework */,
				E7AF37A813E4B98300DB58CA /* Foundation.framework */,
				E7AF37AA13E4B98300DB58CA /* CoreGraphics.framework */,
				E7AF37AC13E4B98300DB58CA /* CoreData.framework */,
				E7AF37CC13E4B98300DB58CA /* SenTestingKit.framework */,
			);
			name = Frameworks;
			sourceTree = "<group>";
		};
		E7AF37AE13E4B98300DB58CA /* EmojiCharades */ = {
			isa = PBXGroup;
			children = (
				E74B6ACE13E4D82600AA1A98 /* SMXMLDocument.h */,
				E74B6ACF13E4D82600AA1A98 /* SMXMLDocument.m */,
				E7AF37B713E4B98300DB58CA /* EmojiCharadesAppDelegate.h */,
				E7AF37B813E4B98300DB58CA /* EmojiCharadesAppDelegate.m */,
				E7AF37BD13E4B98300DB58CA /* MainWindow.xib */,
				E7AF37C013E4B98300DB58CA /* RootViewController.h */,
				E720AF1F13E5C2BF007D1564 /* SetupViewController.h */,
				E720AF2013E5C2BF007D1564 /* SetupViewController.m */,
				E7AF37C113E4B98300DB58CA /* RootViewController.m */,
				E7AF37C313E4B98300DB58CA /* RootViewController.xib */,
				E720AF1C13E5BFE3007D1564 /* SetupViewController.xib */,
				E7AF37BA13E4B98300DB58CA /* EmojiCharades.xcdatamodeld */,
				E7AF37AF13E4B98300DB58CA /* Supporting Files */,
			);
			path = EmojiCharades;
			sourceTree = "<group>";
		};
		E7AF37AF13E4B98300DB58CA /* Supporting Files */ = {
			isa = PBXGroup;
			children = (
				E7AF37B013E4B98300DB58CA /* EmojiCharades-Info.plist */,
				E7AF37B113E4B98300DB58CA /* InfoPlist.strings */,
				E7AF37B413E4B98300DB58CA /* main.m */,
				E7AF37B613E4B98300DB58CA /* EmojiCharades-Prefix.pch */,
			);
			name = "Supporting Files";
			sourceTree = "<group>";
		};
		E7AF37D413E4B98300DB58CA /* EmojiCharadesTests */ = {
			isa = PBXGroup;
			children = (
				E7AF37DA13E4B98300DB58CA /* EmojiCharadesTests.h */,
				E7AF37DC13E4B98300DB58CA /* EmojiCharadesTests.m */,
				E7AF37D513E4B98300DB58CA /* Supporting Files */,
			);
			path = EmojiCharadesTests;
			sourceTree = "<group>";
		};
		E7AF37D513E4B98300DB58CA /* Supporting Files */ = {
			isa = PBXGroup;
			children = (
				E7AF37D613E4B98300DB58CA /* EmojiCharadesTests-Info.plist */,
				E7AF37D713E4B98300DB58CA /* InfoPlist.strings */,
			);
			name = "Supporting Files";
			sourceTree = "<group>";
		};
/* End PBXGroup section */

/* Begin PBXNativeTarget section */
		E7AF37A113E4B98300DB58CA /* EmojiCharades */ = {
			isa = PBXNativeTarget;
			buildConfigurationList = E7AF37E013E4B98300DB58CA /* Build configuration list for PBXNativeTarget "EmojiCharades" */;
			buildPhases = (
				E7AF379E13E4B98300DB58CA /* Sources */,
				E7AF379F13E4B98300DB58CA /* Frameworks */,
				E7AF37A013E4B98300DB58CA /* Resources */,
			);
			buildRules = (
			);
			dependencies = (
				E720AF8E13E5ECCF007D1564 /* PBXTargetDependency */,
				E720AF9013E5ECCF007D1564 /* PBXTargetDependency */,
				E720AF9213E5ECCF007D1564 /* PBXTargetDependency */,
				E720AF9413E5ECCF007D1564 /* PBXTargetDependency */,
				E720AF8013E5EBDE007D1564 /* PBXTargetDependency */,
			);
			name = EmojiCharades;
			productName = EmojiCharades;
			productReference = E7AF37A213E4B98300DB58CA /* EmojiCharades.app */;
			productType = "com.apple.product-type.application";
		};
		E7AF37CA13E4B98300DB58CA /* EmojiCharadesTests */ = {
			isa = PBXNativeTarget;
			buildConfigurationList = E7AF37E313E4B98300DB58CA /* Build configuration list for PBXNativeTarget "EmojiCharadesTests" */;
			buildPhases = (
				E7AF37C613E4B98300DB58CA /* Sources */,
				E7AF37C713E4B98300DB58CA /* Frameworks */,
				E7AF37C813E4B98300DB58CA /* Resources */,
				E7AF37C913E4B98300DB58CA /* ShellScript */,
			);
			buildRules = (
			);
			dependencies = (
				E7AF37D313E4B98300DB58CA /* PBXTargetDependency */,
			);
			name = EmojiCharadesTests;
			productName = EmojiCharadesTests;
			productReference = E7AF37CB13E4B98300DB58CA /* EmojiCharadesTests.octest */;
			productType = "com.apple.product-type.bundle";
		};
/* End PBXNativeTarget section */

/* Begin PBXProject section */
		E7AF379913E4B98200DB58CA /* Project object */ = {
			isa = PBXProject;
			buildConfigurationList = E7AF379C13E4B98200DB58CA /* Build configuration list for PBXProject "EmojiCharades" */;
			compatibilityVersion = "Xcode 3.2";
			developmentRegion = English;
			hasScannedForEncodings = 0;
			knownRegions = (
				en,
			);
			mainGroup = E7AF379713E4B98200DB58CA;
			productRefGroup = E7AF37A313E4B98300DB58CA /* Products */;
			projectDirPath = "";
			projectReferences = (
				{
					ProductGroup = E720AF5513E5E9AD007D1564 /* Products */;
					ProjectRef = E720AF5413E5E9AD007D1564 /* RestKit.xcodeproj */;
				},
			);
			projectRoot = "";
			targets = (
				E7AF37A113E4B98300DB58CA /* EmojiCharades */,
				E7AF37CA13E4B98300DB58CA /* EmojiCharadesTests */,
			);
		};
/* End PBXProject section */

/* Begin PBXReferenceProxy section */
		E720AF6913E5E9AE007D1564 /* libRestKitNetwork.a */ = {
			isa = PBXReferenceProxy;
			fileType = archive.ar;
			path = libRestKitNetwork.a;
			remoteRef = E720AF6813E5E9AE007D1564 /* PBXContainerItemProxy */;
			sourceTree = BUILT_PRODUCTS_DIR;
		};
		E720AF6B13E5E9AE007D1564 /* libRestKitObjectMapping.a */ = {
			isa = PBXReferenceProxy;
			fileType = archive.ar;
			path = libRestKitObjectMapping.a;
			remoteRef = E720AF6A13E5E9AE007D1564 /* PBXContainerItemProxy */;
			sourceTree = BUILT_PRODUCTS_DIR;
		};
		E720AF6D13E5E9AE007D1564 /* libRestKitSupport.a */ = {
			isa = PBXReferenceProxy;
			fileType = archive.ar;
			path = libRestKitSupport.a;
			remoteRef = E720AF6C13E5E9AE007D1564 /* PBXContainerItemProxy */;
			sourceTree = BUILT_PRODUCTS_DIR;
		};
		E720AF6F13E5E9AE007D1564 /* libRestKitJSONParser+NXJSON.a */ = {
			isa = PBXReferenceProxy;
			fileType = archive.ar;
			name = "libRestKitJSONParser+NXJSON.a";
			path = libRestKitJSONParserNXJSON.a;
			remoteRef = E720AF6E13E5E9AE007D1564 /* PBXContainerItemProxy */;
			sourceTree = BUILT_PRODUCTS_DIR;
		};
		E720AF7113E5E9AE007D1564 /* libRestKitJSONParserYAJL.a */ = {
			isa = PBXReferenceProxy;
			fileType = archive.ar;
			path = libRestKitJSONParserYAJL.a;
			remoteRef = E720AF7013E5E9AE007D1564 /* PBXContainerItemProxy */;
			sourceTree = BUILT_PRODUCTS_DIR;
		};
		E720AF7313E5E9AE007D1564 /* libRestKitJSONParserSBJSON.a */ = {
			isa = PBXReferenceProxy;
			fileType = archive.ar;
			path = libRestKitJSONParserSBJSON.a;
			remoteRef = E720AF7213E5E9AE007D1564 /* PBXContainerItemProxy */;
			sourceTree = BUILT_PRODUCTS_DIR;
		};
		E720AF7513E5E9AE007D1564 /* libRestKitJSONParserJSONKit.a */ = {
			isa = PBXReferenceProxy;
			fileType = archive.ar;
			path = libRestKitJSONParserJSONKit.a;
			remoteRef = E720AF7413E5E9AE007D1564 /* PBXContainerItemProxy */;
			sourceTree = BUILT_PRODUCTS_DIR;
		};
		E720AF7713E5E9AE007D1564 /* libRestKitXMLParserLibxml.a */ = {
			isa = PBXReferenceProxy;
			fileType = archive.ar;
			path = libRestKitXMLParserLibxml.a;
			remoteRef = E720AF7613E5E9AE007D1564 /* PBXContainerItemProxy */;
			sourceTree = BUILT_PRODUCTS_DIR;
		};
		E720AF7913E5E9AE007D1564 /* libRestKitCoreData.a */ = {
			isa = PBXReferenceProxy;
			fileType = archive.ar;
			path = libRestKitCoreData.a;
			remoteRef = E720AF7813E5E9AE007D1564 /* PBXContainerItemProxy */;
			sourceTree = BUILT_PRODUCTS_DIR;
		};
		E720AF7B13E5E9AE007D1564 /* libRestKitThree20.a */ = {
			isa = PBXReferenceProxy;
			fileType = archive.ar;
			path = libRestKitThree20.a;
			remoteRef = E720AF7A13E5E9AE007D1564 /* PBXContainerItemProxy */;
			sourceTree = BUILT_PRODUCTS_DIR;
		};
		E720AF7D13E5E9AE007D1564 /* UISpec.app */ = {
			isa = PBXReferenceProxy;
			fileType = wrapper.application;
			path = UISpec.app;
			remoteRef = E720AF7C13E5E9AE007D1564 /* PBXContainerItemProxy */;
			sourceTree = BUILT_PRODUCTS_DIR;
		};
/* End PBXReferenceProxy section */

/* Begin PBXResourcesBuildPhase section */
		E7AF37A013E4B98300DB58CA /* Resources */ = {
			isa = PBXResourcesBuildPhase;
			buildActionMask = 2147483647;
			files = (
				E7AF37B313E4B98300DB58CA /* InfoPlist.strings in Resources */,
				E7AF37BF13E4B98300DB58CA /* MainWindow.xib in Resources */,
				E7AF37C513E4B98300DB58CA /* RootViewController.xib in Resources */,
				E720AF1D13E5BFE3007D1564 /* SetupViewController.xib in Resources */,
			);
			runOnlyForDeploymentPostprocessing = 0;
		};
		E7AF37C813E4B98300DB58CA /* Resources */ = {
			isa = PBXResourcesBuildPhase;
			buildActionMask = 2147483647;
			files = (
				E7AF37D913E4B98300DB58CA /* InfoPlist.strings in Resources */,
				E7AF37DB13E4B98300DB58CA /* EmojiCharadesTests.h in Resources */,
			);
			runOnlyForDeploymentPostprocessing = 0;
		};
/* End PBXResourcesBuildPhase section */

/* Begin PBXShellScriptBuildPhase section */
		E7AF37C913E4B98300DB58CA /* ShellScript */ = {
			isa = PBXShellScriptBuildPhase;
			buildActionMask = 2147483647;
			files = (
			);
			inputPaths = (
			);
			outputPaths = (
			);
			runOnlyForDeploymentPostprocessing = 0;
			shellPath = /bin/sh;
			shellScript = "# Run the unit tests in this test bundle.\n\"${SYSTEM_DEVELOPER_DIR}/Tools/RunUnitTests\"\n";
		};
/* End PBXShellScriptBuildPhase section */

/* Begin PBXSourcesBuildPhase section */
		E7AF379E13E4B98300DB58CA /* Sources */ = {
			isa = PBXSourcesBuildPhase;
			buildActionMask = 2147483647;
			files = (
				E7AF37B513E4B98300DB58CA /* main.m in Sources */,
				E7AF37B913E4B98300DB58CA /* EmojiCharadesAppDelegate.m in Sources */,
				E7AF37BC13E4B98300DB58CA /* EmojiCharades.xcdatamodeld in Sources */,
				E7AF37C213E4B98300DB58CA /* RootViewController.m in Sources */,
				E74B6AD013E4D82600AA1A98 /* SMXMLDocument.m in Sources */,
				E720AF2213E5C2BF007D1564 /* SetupViewController.m in Sources */,
			);
			runOnlyForDeploymentPostprocessing = 0;
		};
		E7AF37C613E4B98300DB58CA /* Sources */ = {
			isa = PBXSourcesBuildPhase;
			buildActionMask = 2147483647;
			files = (
				E7AF37DD13E4B98300DB58CA /* EmojiCharadesTests.m in Sources */,
			);
			runOnlyForDeploymentPostprocessing = 0;
		};
/* End PBXSourcesBuildPhase section */

/* Begin PBXTargetDependency section */
		E720AF8013E5EBDE007D1564 /* PBXTargetDependency */ = {
			isa = PBXTargetDependency;
			name = RestKit;
			targetProxy = E720AF7F13E5EBDE007D1564 /* PBXContainerItemProxy */;
		};
		E720AF8E13E5ECCF007D1564 /* PBXTargetDependency */ = {
			isa = PBXTargetDependency;
			name = RestKitNetwork;
			targetProxy = E720AF8D13E5ECCF007D1564 /* PBXContainerItemProxy */;
		};
		E720AF9013E5ECCF007D1564 /* PBXTargetDependency */ = {
			isa = PBXTargetDependency;
			name = RestKitObjectMapping;
			targetProxy = E720AF8F13E5ECCF007D1564 /* PBXContainerItemProxy */;
		};
		E720AF9213E5ECCF007D1564 /* PBXTargetDependency */ = {
			isa = PBXTargetDependency;
			name = RestKitSupport;
			targetProxy = E720AF9113E5ECCF007D1564 /* PBXContainerItemProxy */;
		};
		E720AF9413E5ECCF007D1564 /* PBXTargetDependency */ = {
			isa = PBXTargetDependency;
			name = "RestKitJSONParser+JSONKit";
			targetProxy = E720AF9313E5ECCF007D1564 /* PBXContainerItemProxy */;
		};
		E7AF37D313E4B98300DB58CA /* PBXTargetDependency */ = {
			isa = PBXTargetDependency;
			target = E7AF37A113E4B98300DB58CA /* EmojiCharades */;
			targetProxy = E7AF37D213E4B98300DB58CA /* PBXContainerItemProxy */;
		};
/* End PBXTargetDependency section */

/* Begin PBXVariantGroup section */
		E7AF37B113E4B98300DB58CA /* InfoPlist.strings */ = {
			isa = PBXVariantGroup;
			children = (
				E7AF37B213E4B98300DB58CA /* en */,
			);
			name = InfoPlist.strings;
			sourceTree = "<group>";
		};
		E7AF37BD13E4B98300DB58CA /* MainWindow.xib */ = {
			isa = PBXVariantGroup;
			children = (
				E7AF37BE13E4B98300DB58CA /* en */,
			);
			name = MainWindow.xib;
			sourceTree = "<group>";
		};
		E7AF37C313E4B98300DB58CA /* RootViewController.xib */ = {
			isa = PBXVariantGroup;
			children = (
				E7AF37C413E4B98300DB58CA /* en */,
			);
			name = RootViewController.xib;
			sourceTree = "<group>";
		};
		E7AF37D713E4B98300DB58CA /* InfoPlist.strings */ = {
			isa = PBXVariantGroup;
			children = (
				E7AF37D813E4B98300DB58CA /* en */,
			);
			name = InfoPlist.strings;
			sourceTree = "<group>";
		};
/* End PBXVariantGroup section */

/* Begin XCBuildConfiguration section */
		E7AF37DE13E4B98300DB58CA /* Debug */ = {
			isa = XCBuildConfiguration;
			buildSettings = {
				ALWAYS_SEARCH_USER_PATHS = NO;
				ARCHS = "$(ARCHS_STANDARD_32_BIT)";
				"CODE_SIGN_IDENTITY[sdk=iphoneos*]" = "iPhone Developer";
				COPY_PHASE_STRIP = NO;
				GCC_C_LANGUAGE_STANDARD = gnu99;
				GCC_DYNAMIC_NO_PIC = NO;
				GCC_OPTIMIZATION_LEVEL = 0;
				GCC_PREPROCESSOR_DEFINITIONS = (
					"DEBUG=1",
					"$(inherited)",
				);
				GCC_SYMBOLS_PRIVATE_EXTERN = NO;
				GCC_VERSION = com.apple.compilers.llvmgcc42;
				GCC_WARN_ABOUT_MISSING_PROTOTYPES = YES;
				GCC_WARN_ABOUT_RETURN_TYPE = YES;
				GCC_WARN_UNUSED_VARIABLE = YES;
				HEADER_SEARCH_PATHS = "$(SOURCE_ROOT)/RestKit/Build";
				IPHONEOS_DEPLOYMENT_TARGET = 4.3;
				LIBRARY_SEARCH_PATHS = "$(SOURCE_ROOT)/RestKit/$(BUILD_STYLE)-$(PLATFORM_NAME)";
				OTHER_LDFLAGS = (
					"-Objc",
					"-all_load",
				);
				SDKROOT = iphoneos;
			};
			name = Debug;
		};
		E7AF37DF13E4B98300DB58CA /* Release */ = {
			isa = XCBuildConfiguration;
			buildSettings = {
				ALWAYS_SEARCH_USER_PATHS = NO;
				ARCHS = "$(ARCHS_STANDARD_32_BIT)";
				"CODE_SIGN_IDENTITY[sdk=iphoneos*]" = "iPhone Developer";
				COPY_PHASE_STRIP = YES;
				GCC_C_LANGUAGE_STANDARD = gnu99;
				GCC_VERSION = com.apple.compilers.llvmgcc42;
				GCC_WARN_ABOUT_MISSING_PROTOTYPES = YES;
				GCC_WARN_ABOUT_RETURN_TYPE = YES;
				GCC_WARN_UNUSED_VARIABLE = YES;
				HEADER_SEARCH_PATHS = "$(SOURCE_ROOT)/RestKit/Build";
				IPHONEOS_DEPLOYMENT_TARGET = 4.3;
				LIBRARY_SEARCH_PATHS = "$(SOURCE_ROOT)/RestKit/$(BUILD_STYLE)-$(PLATFORM_NAME)";
				OTHER_CFLAGS = "-DNS_BLOCK_ASSERTIONS=1";
				OTHER_LDFLAGS = (
					"-Objc",
					"-all_load",
				);
				SDKROOT = iphoneos;
				VALIDATE_PRODUCT = YES;
			};
			name = Release;
		};
		E7AF37E113E4B98300DB58CA /* Debug */ = {
			isa = XCBuildConfiguration;
			buildSettings = {
				GCC_PRECOMPILE_PREFIX_HEADER = YES;
				GCC_PREFIX_HEADER = "EmojiCharades/EmojiCharades-Prefix.pch";
				INFOPLIST_FILE = "EmojiCharades/EmojiCharades-Info.plist";
				PRODUCT_NAME = "$(TARGET_NAME)";
				WRAPPER_EXTENSION = app;
			};
			name = Debug;
		};
		E7AF37E213E4B98300DB58CA /* Release */ = {
			isa = XCBuildConfiguration;
			buildSettings = {
				GCC_PRECOMPILE_PREFIX_HEADER = YES;
				GCC_PREFIX_HEADER = "EmojiCharades/EmojiCharades-Prefix.pch";
				INFOPLIST_FILE = "EmojiCharades/EmojiCharades-Info.plist";
				PRODUCT_NAME = "$(TARGET_NAME)";
				WRAPPER_EXTENSION = app;
			};
			name = Release;
		};
		E7AF37E413E4B98300DB58CA /* Debug */ = {
			isa = XCBuildConfiguration;
			buildSettings = {
				BUNDLE_LOADER = "$(BUILT_PRODUCTS_DIR)/EmojiCharades.app/EmojiCharades";
				FRAMEWORK_SEARCH_PATHS = (
					"$(SDKROOT)/Developer/Library/Frameworks",
					"$(DEVELOPER_LIBRARY_DIR)/Frameworks",
				);
				GCC_PRECOMPILE_PREFIX_HEADER = YES;
				GCC_PREFIX_HEADER = "EmojiCharades/EmojiCharades-Prefix.pch";
				INFOPLIST_FILE = "EmojiCharadesTests/EmojiCharadesTests-Info.plist";
				PRODUCT_NAME = "$(TARGET_NAME)";
				TEST_HOST = "$(BUNDLE_LOADER)";
				WRAPPER_EXTENSION = octest;
			};
			name = Debug;
		};
		E7AF37E513E4B98300DB58CA /* Release */ = {
			isa = XCBuildConfiguration;
			buildSettings = {
				BUNDLE_LOADER = "$(BUILT_PRODUCTS_DIR)/EmojiCharades.app/EmojiCharades";
				FRAMEWORK_SEARCH_PATHS = (
					"$(SDKROOT)/Developer/Library/Frameworks",
					"$(DEVELOPER_LIBRARY_DIR)/Frameworks",
				);
				GCC_PRECOMPILE_PREFIX_HEADER = YES;
				GCC_PREFIX_HEADER = "EmojiCharades/EmojiCharades-Prefix.pch";
				INFOPLIST_FILE = "EmojiCharadesTests/EmojiCharadesTests-Info.plist";
				PRODUCT_NAME = "$(TARGET_NAME)";
				TEST_HOST = "$(BUNDLE_LOADER)";
				WRAPPER_EXTENSION = octest;
			};
			name = Release;
		};
/* End XCBuildConfiguration section */

/* Begin XCConfigurationList section */
		E7AF379C13E4B98200DB58CA /* Build configuration list for PBXProject "EmojiCharades" */ = {
			isa = XCConfigurationList;
			buildConfigurations = (
				E7AF37DE13E4B98300DB58CA /* Debug */,
				E7AF37DF13E4B98300DB58CA /* Release */,
			);
			defaultConfigurationIsVisible = 0;
			defaultConfigurationName = Release;
		};
		E7AF37E013E4B98300DB58CA /* Build configuration list for PBXNativeTarget "EmojiCharades" */ = {
			isa = XCConfigurationList;
			buildConfigurations = (
				E7AF37E113E4B98300DB58CA /* Debug */,
				E7AF37E213E4B98300DB58CA /* Release */,
			);
			defaultConfigurationIsVisible = 0;
			defaultConfigurationName = Release;
		};
		E7AF37E313E4B98300DB58CA /* Build configuration list for PBXNativeTarget "EmojiCharadesTests" */ = {
			isa = XCConfigurationList;
			buildConfigurations = (
				E7AF37E413E4B98300DB58CA /* Debug */,
				E7AF37E513E4B98300DB58CA /* Release */,
			);
			defaultConfigurationIsVisible = 0;
			defaultConfigurationName = Release;
		};
/* End XCConfigurationList section */

/* Begin XCVersionGroup section */
		E7AF37BA13E4B98300DB58CA /* EmojiCharades.xcdatamodeld */ = {
			isa = XCVersionGroup;
			children = (
				E7AF37BB13E4B98300DB58CA /* EmojiCharades.xcdatamodel */,
			);
			currentVersion = E7AF37BB13E4B98300DB58CA /* EmojiCharades.xcdatamodel */;
			path = EmojiCharades.xcdatamodeld;
			sourceTree = "<group>";
			versionGroupType = wrapper.xcdatamodel;
		};
/* End XCVersionGroup section */
	};
	rootObject = E7AF379913E4B98200DB58CA /* Project object */;
}
