// !$*UTF8*$!
{
	archiveVersion = 1;
	classes = {
	};
	objectVersion = 46;
	objects = {

/* Begin PBXBuildFile section */
		00771AD113FA4FF400F2FBAA /* PlayGameView.m in Sources */ = {isa = PBXBuildFile; fileRef = 00771AD013FA4FF400F2FBAA /* PlayGameView.m */; };
		E720AF8213E5EBEF007D1564 /* CFNetwork.framework in Frameworks */ = {isa = PBXBuildFile; fileRef = E720AF8113E5EBEF007D1564 /* CFNetwork.framework */; };
		E720AF8413E5EC10007D1564 /* MobileCoreServices.framework in Frameworks */ = {isa = PBXBuildFile; fileRef = E720AF8313E5EC10007D1564 /* MobileCoreServices.framework */; };
		E720AF8613E5EC1A007D1564 /* SystemConfiguration.framework in Frameworks */ = {isa = PBXBuildFile; fileRef = E720AF8513E5EC1A007D1564 /* SystemConfiguration.framework */; };
		E720AF8813E5EC28007D1564 /* libxml2.dylib in Frameworks */ = {isa = PBXBuildFile; fileRef = E720AF8713E5EC27007D1564 /* libxml2.dylib */; };
		E7309C9113EDFF5500F270F3 /* CreateGameController.m in Sources */ = {isa = PBXBuildFile; fileRef = E7309C8F13EDFF5500F270F3 /* CreateGameController.m */; };
		E7309C9213EDFF5500F270F3 /* CreateGameController.xib in Resources */ = {isa = PBXBuildFile; fileRef = E7309C9013EDFF5500F270F3 /* CreateGameController.xib */; };
		E7309C9613EE4A0500F270F3 /* PlayGameController.m in Sources */ = {isa = PBXBuildFile; fileRef = E7309C9413EE4A0400F270F3 /* PlayGameController.m */; };
		E7309C9713EE4A0500F270F3 /* PlayGameController.xib in Resources */ = {isa = PBXBuildFile; fileRef = E7309C9513EE4A0400F270F3 /* PlayGameController.xib */; };
		E77213F613FF145E00F4D91C /* ECKeyboardViewController.xib in Resources */ = {isa = PBXBuildFile; fileRef = E77213F513FF145E00F4D91C /* ECKeyboardViewController.xib */; };
		E77213F913FF15CC00F4D91C /* ECKeyboardView.m in Sources */ = {isa = PBXBuildFile; fileRef = E77213F813FF15CC00F4D91C /* ECKeyboardView.m */; };
		E77213FC13FF3B0C00F4D91C /* ECKeyboardViewController.m in Sources */ = {isa = PBXBuildFile; fileRef = E77213FB13FF3B0C00F4D91C /* ECKeyboardViewController.m */; };
		E77B278E13F8F2B0009BA273 /* emoji_icon.png in Resources */ = {isa = PBXBuildFile; fileRef = E77B278C13F8F1C5009BA273 /* emoji_icon.png */; };
		E77B279013F8F2B6009BA273 /* emoji_icon.png@2.png in Resources */ = {isa = PBXBuildFile; fileRef = E77B278F13F8F2B6009BA273 /* emoji_icon.png@2.png */; };
		E77B279C13FA0E7C009BA273 /* libfacebook_ios_sdk.a in Frameworks */ = {isa = PBXBuildFile; fileRef = E77B279913FA0E2E009BA273 /* libfacebook_ios_sdk.a */; };
		E78F7B371403031B00120536 /* NSDate+timeAgo.m in Sources */ = {isa = PBXBuildFile; fileRef = E78F7B361403031B00120536 /* NSDate+timeAgo.m */; };
		E7ABEA1A13FB8CFC00D634FC /* CreateGameView.m in Sources */ = {isa = PBXBuildFile; fileRef = E7ABEA1913FB8CFC00D634FC /* CreateGameView.m */; };
		E7AF37A713E4B98300DB58CA /* UIKit.framework in Frameworks */ = {isa = PBXBuildFile; fileRef = E7AF37A613E4B98300DB58CA /* UIKit.framework */; };
		E7AF37A913E4B98300DB58CA /* Foundation.framework in Frameworks */ = {isa = PBXBuildFile; fileRef = E7AF37A813E4B98300DB58CA /* Foundation.framework */; };
		E7AF37AB13E4B98300DB58CA /* CoreGraphics.framework in Frameworks */ = {isa = PBXBuildFile; fileRef = E7AF37AA13E4B98300DB58CA /* CoreGraphics.framework */; };
		E7AF37AD13E4B98300DB58CA /* CoreData.framework in Frameworks */ = {isa = PBXBuildFile; fileRef = E7AF37AC13E4B98300DB58CA /* CoreData.framework */; };
		E7AF37B313E4B98300DB58CA /* InfoPlist.strings in Resources */ = {isa = PBXBuildFile; fileRef = E7AF37B113E4B98300DB58CA /* InfoPlist.strings */; };
		E7AF37B513E4B98300DB58CA /* main.m in Sources */ = {isa = PBXBuildFile; fileRef = E7AF37B413E4B98300DB58CA /* main.m */; };
		E7AF37B913E4B98300DB58CA /* EmojiCharadesAppDelegate.m in Sources */ = {isa = PBXBuildFile; fileRef = E7AF37B813E4B98300DB58CA /* EmojiCharadesAppDelegate.m */; };
		E7AF37BC13E4B98300DB58CA /* EmojiCharades.xcdatamodeld in Sources */ = {isa = PBXBuildFile; fileRef = E7AF37BA13E4B98300DB58CA /* EmojiCharades.xcdatamodeld */; };
		E7AF37BF13E4B98300DB58CA /* MainWindow.xib in Resources */ = {isa = PBXBuildFile; fileRef = E7AF37BD13E4B98300DB58CA /* MainWindow.xib */; };
		E7AF37C213E4B98300DB58CA /* RootViewController.m in Sources */ = {isa = PBXBuildFile; fileRef = E7AF37C113E4B98300DB58CA /* RootViewController.m */; };
		E7AF37C513E4B98300DB58CA /* RootViewController.xib in Resources */ = {isa = PBXBuildFile; fileRef = E7AF37C313E4B98300DB58CA /* RootViewController.xib */; };
		E7AF37CD13E4B98300DB58CA /* SenTestingKit.framework in Frameworks */ = {isa = PBXBuildFile; fileRef = E7AF37CC13E4B98300DB58CA /* SenTestingKit.framework */; };
		E7AF37CE13E4B98300DB58CA /* UIKit.framework in Frameworks */ = {isa = PBXBuildFile; fileRef = E7AF37A613E4B98300DB58CA /* UIKit.framework */; };
		E7AF37CF13E4B98300DB58CA /* Foundation.framework in Frameworks */ = {isa = PBXBuildFile; fileRef = E7AF37A813E4B98300DB58CA /* Foundation.framework */; };
		E7AF37D013E4B98300DB58CA /* CoreGraphics.framework in Frameworks */ = {isa = PBXBuildFile; fileRef = E7AF37AA13E4B98300DB58CA /* CoreGraphics.framework */; };
		E7AF37D113E4B98300DB58CA /* CoreData.framework in Frameworks */ = {isa = PBXBuildFile; fileRef = E7AF37AC13E4B98300DB58CA /* CoreData.framework */; };
		E7AF37D913E4B98300DB58CA /* InfoPlist.strings in Resources */ = {isa = PBXBuildFile; fileRef = E7AF37D713E4B98300DB58CA /* InfoPlist.strings */; };
		E7AF37DB13E4B98300DB58CA /* EmojiCharadesTests.h in Resources */ = {isa = PBXBuildFile; fileRef = E7AF37DA13E4B98300DB58CA /* EmojiCharadesTests.h */; };
		E7AF37DD13E4B98300DB58CA /* EmojiCharadesTests.m in Sources */ = {isa = PBXBuildFile; fileRef = E7AF37DC13E4B98300DB58CA /* EmojiCharadesTests.m */; };
		E7D3B9C513EF2A1F007C5B19 /* ResultController.m in Sources */ = {isa = PBXBuildFile; fileRef = E7D3B9C313EF2A1E007C5B19 /* ResultController.m */; };
		E7D3B9C613EF2A1F007C5B19 /* ResultController.xib in Resources */ = {isa = PBXBuildFile; fileRef = E7D3B9C413EF2A1F007C5B19 /* ResultController.xib */; };
		E7E9BEBE13F4E9BC00C113F1 /* EmojiCharades.xcdatamodeld in Resources */ = {isa = PBXBuildFile; fileRef = E7AF37BA13E4B98300DB58CA /* EmojiCharades.xcdatamodeld */; };
		E7E9BEC413F50BFD00C113F1 /* Entitlements.entitlements in Resources */ = {isa = PBXBuildFile; fileRef = E7E9BEC313F50BFD00C113F1 /* Entitlements.entitlements */; };
		E7F809BD13E5F13B0077F0CE /* libRestKitSupport.a in Frameworks */ = {isa = PBXBuildFile; fileRef = E7F809AC13E5F0C90077F0CE /* libRestKitSupport.a */; };
		E7F809C013E5F23D0077F0CE /* libRestKitJSONParserJSONKit.a in Frameworks */ = {isa = PBXBuildFile; fileRef = E7F809B413E5F0C90077F0CE /* libRestKitJSONParserJSONKit.a */; };
		E7F809C113E5F23D0077F0CE /* libRestKitNetwork.a in Frameworks */ = {isa = PBXBuildFile; fileRef = E7F809A813E5F0C90077F0CE /* libRestKitNetwork.a */; };
		E7F809C213E5F23D0077F0CE /* libRestKitObjectMapping.a in Frameworks */ = {isa = PBXBuildFile; fileRef = E7F809AA13E5F0C90077F0CE /* libRestKitObjectMapping.a */; };
		E7F809C813E5FD150077F0CE /* ECUser.m in Sources */ = {isa = PBXBuildFile; fileRef = E7F809C713E5FD150077F0CE /* ECUser.m */; };
		E7F809CB13E67D420077F0CE /* ECGame.m in Sources */ = {isa = PBXBuildFile; fileRef = E7F809CA13E67D420077F0CE /* ECGame.m */; };
		E7F809CE13E67F600077F0CE /* Constants.m in Sources */ = {isa = PBXBuildFile; fileRef = E7F809CD13E67F600077F0CE /* Constants.m */; };
		E7F809D113E680720077F0CE /* ECTurn.m in Sources */ = {isa = PBXBuildFile; fileRef = E7F809D013E680720077F0CE /* ECTurn.m */; };
		E7F809D213E686A80077F0CE /* libRestKitCoreData.a in Frameworks */ = {isa = PBXBuildFile; fileRef = E7F809B813E5F0C90077F0CE /* libRestKitCoreData.a */; };
/* End PBXBuildFile section */

/* Begin PBXContainerItemProxy section */
		E77B279813FA0E2E009BA273 /* PBXContainerItemProxy */ = {
			isa = PBXContainerItemProxy;
			containerPortal = E77B279113FA0E2D009BA273 /* facebook-ios-sdk.xcodeproj */;
			proxyType = 2;
			remoteGlobalIDString = D2AAC07E0554694100DB518D;
			remoteInfo = "facebook-ios-sdk";
		};
		E77B279A13FA0E6F009BA273 /* PBXContainerItemProxy */ = {
			isa = PBXContainerItemProxy;
			containerPortal = E77B279113FA0E2D009BA273 /* facebook-ios-sdk.xcodeproj */;
			proxyType = 1;
			remoteGlobalIDString = D2AAC07D0554694100DB518D;
			remoteInfo = "facebook-ios-sdk";
		};
		E7AF37D213E4B98300DB58CA /* PBXContainerItemProxy */ = {
			isa = PBXContainerItemProxy;
			containerPortal = E7AF379913E4B98200DB58CA /* Project object */;
			proxyType = 1;
			remoteGlobalIDString = E7AF37A113E4B98300DB58CA;
			remoteInfo = EmojiCharades;
		};
		E7F809A713E5F0C90077F0CE /* PBXContainerItemProxy */ = {
			isa = PBXContainerItemProxy;
			containerPortal = E7F8099313E5F0C90077F0CE /* RestKit.xcodeproj */;
			proxyType = 2;
			remoteGlobalIDString = 253A07FC1255161B00976E89;
			remoteInfo = RestKitNetwork;
		};
		E7F809A913E5F0C90077F0CE /* PBXContainerItemProxy */ = {
			isa = PBXContainerItemProxy;
			containerPortal = E7F8099313E5F0C90077F0CE /* RestKit.xcodeproj */;
			proxyType = 2;
			remoteGlobalIDString = 253A08031255162C00976E89;
			remoteInfo = RestKitObjectMapping;
		};
		E7F809AB13E5F0C90077F0CE /* PBXContainerItemProxy */ = {
			isa = PBXContainerItemProxy;
			containerPortal = E7F8099313E5F0C90077F0CE /* RestKit.xcodeproj */;
			proxyType = 2;
			remoteGlobalIDString = 253A080C12551D3000976E89;
			remoteInfo = RestKitSupport;
		};
		E7F809AD13E5F0C90077F0CE /* PBXContainerItemProxy */ = {
			isa = PBXContainerItemProxy;
			containerPortal = E7F8099313E5F0C90077F0CE /* RestKit.xcodeproj */;
			proxyType = 2;
			remoteGlobalIDString = 20808DBD13DE8CDC000A156A;
			remoteInfo = "RestKitJSONParser+NXJSON";
		};
		E7F809AF13E5F0C90077F0CE /* PBXContainerItemProxy */ = {
			isa = PBXContainerItemProxy;
			containerPortal = E7F8099313E5F0C90077F0CE /* RestKit.xcodeproj */;
			proxyType = 2;
			remoteGlobalIDString = 2590E64F125231F600531FA8;
			remoteInfo = "RestKitJSONParser+YAJL";
		};
		E7F809B113E5F0C90077F0CE /* PBXContainerItemProxy */ = {
			isa = PBXContainerItemProxy;
			containerPortal = E7F8099313E5F0C90077F0CE /* RestKit.xcodeproj */;
			proxyType = 2;
			remoteGlobalIDString = 2590E66B1252353700531FA8;
			remoteInfo = "RestKitJSONParser+SBJSON";
		};
		E7F809B313E5F0C90077F0CE /* PBXContainerItemProxy */ = {
			isa = PBXContainerItemProxy;
			containerPortal = E7F8099313E5F0C90077F0CE /* RestKit.xcodeproj */;
			proxyType = 2;
			remoteGlobalIDString = 73057FD11331AD2E001908EE;
			remoteInfo = "RestKitJSONParser+JSONKit";
		};
		E7F809B513E5F0C90077F0CE /* PBXContainerItemProxy */ = {
			isa = PBXContainerItemProxy;
			containerPortal = E7F8099313E5F0C90077F0CE /* RestKit.xcodeproj */;
			proxyType = 2;
			remoteGlobalIDString = 25BD43BD1340315800DBACDD;
			remoteInfo = "RestKitXMLParser+Libxml";
		};
		E7F809B713E5F0C90077F0CE /* PBXContainerItemProxy */ = {
			isa = PBXContainerItemProxy;
			containerPortal = E7F8099313E5F0C90077F0CE /* RestKit.xcodeproj */;
			proxyType = 2;
			remoteGlobalIDString = 253A081412551D5300976E89;
			remoteInfo = RestKitCoreData;
		};
		E7F809B913E5F0C90077F0CE /* PBXContainerItemProxy */ = {
			isa = PBXContainerItemProxy;
			containerPortal = E7F8099313E5F0C90077F0CE /* RestKit.xcodeproj */;
			proxyType = 2;
			remoteGlobalIDString = 2523360511E79F090048F9B4;
			remoteInfo = RestKitThree20;
		};
		E7F809BB13E5F0C90077F0CE /* PBXContainerItemProxy */ = {
			isa = PBXContainerItemProxy;
			containerPortal = E7F8099313E5F0C90077F0CE /* RestKit.xcodeproj */;
			proxyType = 2;
			remoteGlobalIDString = 3F6C39A510FE5C95008F47C5;
			remoteInfo = UISpec;
		};
		E7F809BE13E5F18D0077F0CE /* PBXContainerItemProxy */ = {
			isa = PBXContainerItemProxy;
			containerPortal = E7F8099313E5F0C90077F0CE /* RestKit.xcodeproj */;
			proxyType = 1;
			remoteGlobalIDString = 255B7588133BABBF00ED76AD;
			remoteInfo = RestKit;
		};
/* End PBXContainerItemProxy section */

/* Begin PBXFileReference section */
		00771ACF13FA4FF400F2FBAA /* PlayGameView.h */ = {isa = PBXFileReference; fileEncoding = 4; lastKnownFileType = sourcecode.c.h; path = PlayGameView.h; sourceTree = "<group>"; };
		00771AD013FA4FF400F2FBAA /* PlayGameView.m */ = {isa = PBXFileReference; fileEncoding = 4; lastKnownFileType = sourcecode.c.objc; path = PlayGameView.m; sourceTree = "<group>"; };
		E720AF8113E5EBEF007D1564 /* CFNetwork.framework */ = {isa = PBXFileReference; lastKnownFileType = wrapper.framework; name = CFNetwork.framework; path = System/Library/Frameworks/CFNetwork.framework; sourceTree = SDKROOT; };
		E720AF8313E5EC10007D1564 /* MobileCoreServices.framework */ = {isa = PBXFileReference; lastKnownFileType = wrapper.framework; name = MobileCoreServices.framework; path = System/Library/Frameworks/MobileCoreServices.framework; sourceTree = SDKROOT; };
		E720AF8513E5EC1A007D1564 /* SystemConfiguration.framework */ = {isa = PBXFileReference; lastKnownFileType = wrapper.framework; name = SystemConfiguration.framework; path = System/Library/Frameworks/SystemConfiguration.framework; sourceTree = SDKROOT; };
		E720AF8713E5EC27007D1564 /* libxml2.dylib */ = {isa = PBXFileReference; lastKnownFileType = "compiled.mach-o.dylib"; name = libxml2.dylib; path = usr/lib/libxml2.dylib; sourceTree = SDKROOT; };
		E7309C8E13EDFF5400F270F3 /* CreateGameController.h */ = {isa = PBXFileReference; fileEncoding = 4; lastKnownFileType = sourcecode.c.h; path = CreateGameController.h; sourceTree = "<group>"; };
		E7309C8F13EDFF5500F270F3 /* CreateGameController.m */ = {isa = PBXFileReference; fileEncoding = 4; lastKnownFileType = sourcecode.c.objc; lineEnding = 0; path = CreateGameController.m; sourceTree = "<group>"; xcLanguageSpecificationIdentifier = xcode.lang.objc; };
		E7309C9013EDFF5500F270F3 /* CreateGameController.xib */ = {isa = PBXFileReference; fileEncoding = 4; lastKnownFileType = file.xib; path = CreateGameController.xib; sourceTree = "<group>"; };
		E7309C9313EE4A0400F270F3 /* PlayGameController.h */ = {isa = PBXFileReference; fileEncoding = 4; lastKnownFileType = sourcecode.c.h; path = PlayGameController.h; sourceTree = "<group>"; };
		E7309C9413EE4A0400F270F3 /* PlayGameController.m */ = {isa = PBXFileReference; fileEncoding = 4; lastKnownFileType = sourcecode.c.objc; path = PlayGameController.m; sourceTree = "<group>"; };
		E7309C9513EE4A0400F270F3 /* PlayGameController.xib */ = {isa = PBXFileReference; fileEncoding = 4; lastKnownFileType = file.xib; path = PlayGameController.xib; sourceTree = "<group>"; };
		E77213F513FF145E00F4D91C /* ECKeyboardViewController.xib */ = {isa = PBXFileReference; fileEncoding = 4; lastKnownFileType = file.xib; path = ECKeyboardViewController.xib; sourceTree = "<group>"; };
		E77213F713FF15CC00F4D91C /* ECKeyboardView.h */ = {isa = PBXFileReference; fileEncoding = 4; lastKnownFileType = sourcecode.c.h; path = ECKeyboardView.h; sourceTree = "<group>"; };
		E77213F813FF15CC00F4D91C /* ECKeyboardView.m */ = {isa = PBXFileReference; fileEncoding = 4; lastKnownFileType = sourcecode.c.objc; path = ECKeyboardView.m; sourceTree = "<group>"; };
		E77213FA13FF3B0C00F4D91C /* ECKeyboardViewController.h */ = {isa = PBXFileReference; fileEncoding = 4; lastKnownFileType = sourcecode.c.h; path = ECKeyboardViewController.h; sourceTree = "<group>"; };
		E77213FB13FF3B0C00F4D91C /* ECKeyboardViewController.m */ = {isa = PBXFileReference; fileEncoding = 4; lastKnownFileType = sourcecode.c.objc; path = ECKeyboardViewController.m; sourceTree = "<group>"; };
		E77B278A13F71915009BA273 /* EmojiCharades 2.xcdatamodel */ = {isa = PBXFileReference; lastKnownFileType = wrapper.xcdatamodel; path = "EmojiCharades 2.xcdatamodel"; sourceTree = "<group>"; };
		E77B278B13F8A921009BA273 /* EmojiCharades 3.xcdatamodel */ = {isa = PBXFileReference; lastKnownFileType = wrapper.xcdatamodel; path = "EmojiCharades 3.xcdatamodel"; sourceTree = "<group>"; };
		E77B278C13F8F1C5009BA273 /* emoji_icon.png */ = {isa = PBXFileReference; lastKnownFileType = image.png; path = emoji_icon.png; sourceTree = "<group>"; };
		E77B278F13F8F2B6009BA273 /* emoji_icon.png@2.png */ = {isa = PBXFileReference; lastKnownFileType = image.png; path = "emoji_icon.png@2.png"; sourceTree = "<group>"; };
		E77B279113FA0E2D009BA273 /* facebook-ios-sdk.xcodeproj */ = {isa = PBXFileReference; lastKnownFileType = "wrapper.pb-project"; name = "facebook-ios-sdk.xcodeproj"; path = "facebook-ios-sdk/src/facebook-ios-sdk.xcodeproj"; sourceTree = "<group>"; };
		E77B279D13FA2A30009BA273 /* EmojiCharades 4.xcdatamodel */ = {isa = PBXFileReference; lastKnownFileType = wrapper.xcdatamodel; path = "EmojiCharades 4.xcdatamodel"; sourceTree = "<group>"; };
		E78F7B351403031B00120536 /* NSDate+timeAgo.h */ = {isa = PBXFileReference; fileEncoding = 4; lastKnownFileType = sourcecode.c.h; path = "NSDate+timeAgo.h"; sourceTree = "<group>"; };
		E78F7B361403031B00120536 /* NSDate+timeAgo.m */ = {isa = PBXFileReference; fileEncoding = 4; lastKnownFileType = sourcecode.c.objc; path = "NSDate+timeAgo.m"; sourceTree = "<group>"; };
		E78F7B381403131400120536 /* EmojiCharades 5.xcdatamodel */ = {isa = PBXFileReference; lastKnownFileType = wrapper.xcdatamodel; path = "EmojiCharades 5.xcdatamodel"; sourceTree = "<group>"; };
		E7ABEA1813FB8CFC00D634FC /* CreateGameView.h */ = {isa = PBXFileReference; fileEncoding = 4; lastKnownFileType = sourcecode.c.h; path = CreateGameView.h; sourceTree = "<group>"; };
		E7ABEA1913FB8CFC00D634FC /* CreateGameView.m */ = {isa = PBXFileReference; fileEncoding = 4; lastKnownFileType = sourcecode.c.objc; path = CreateGameView.m; sourceTree = "<group>"; };
		E7AF37A213E4B98300DB58CA /* EmojiCharades.app */ = {isa = PBXFileReference; explicitFileType = wrapper.application; includeInIndex = 0; path = EmojiCharades.app; sourceTree = BUILT_PRODUCTS_DIR; };
		E7AF37A613E4B98300DB58CA /* UIKit.framework */ = {isa = PBXFileReference; lastKnownFileType = wrapper.framework; name = UIKit.framework; path = System/Library/Frameworks/UIKit.framework; sourceTree = SDKROOT; };
		E7AF37A813E4B98300DB58CA /* Foundation.framework */ = {isa = PBXFileReference; lastKnownFileType = wrapper.framework; name = Foundation.framework; path = System/Library/Frameworks/Foundation.framework; sourceTree = SDKROOT; };
		E7AF37AA13E4B98300DB58CA /* CoreGraphics.framework */ = {isa = PBXFileReference; lastKnownFileType = wrapper.framework; name = CoreGraphics.framework; path = System/Library/Frameworks/CoreGraphics.framework; sourceTree = SDKROOT; };
		E7AF37AC13E4B98300DB58CA /* CoreData.framework */ = {isa = PBXFileReference; lastKnownFileType = wrapper.framework; name = CoreData.framework; path = System/Library/Frameworks/CoreData.framework; sourceTree = SDKROOT; };
		E7AF37B013E4B98300DB58CA /* EmojiCharades-Info.plist */ = {isa = PBXFileReference; lastKnownFileType = text.plist.xml; path = "EmojiCharades-Info.plist"; sourceTree = "<group>"; };
		E7AF37B213E4B98300DB58CA /* en */ = {isa = PBXFileReference; lastKnownFileType = text.plist.strings; name = en; path = en.lproj/InfoPlist.strings; sourceTree = "<group>"; };
		E7AF37B413E4B98300DB58CA /* main.m */ = {isa = PBXFileReference; lastKnownFileType = sourcecode.c.objc; path = main.m; sourceTree = "<group>"; };
		E7AF37B613E4B98300DB58CA /* EmojiCharades-Prefix.pch */ = {isa = PBXFileReference; lastKnownFileType = sourcecode.c.h; path = "EmojiCharades-Prefix.pch"; sourceTree = "<group>"; };
		E7AF37B713E4B98300DB58CA /* EmojiCharadesAppDelegate.h */ = {isa = PBXFileReference; lastKnownFileType = sourcecode.c.h; path = EmojiCharadesAppDelegate.h; sourceTree = "<group>"; };
		E7AF37B813E4B98300DB58CA /* EmojiCharadesAppDelegate.m */ = {isa = PBXFileReference; lastKnownFileType = sourcecode.c.objc; path = EmojiCharadesAppDelegate.m; sourceTree = "<group>"; };
		E7AF37BB13E4B98300DB58CA /* EmojiCharades.xcdatamodel */ = {isa = PBXFileReference; lastKnownFileType = wrapper.xcdatamodel; path = EmojiCharades.xcdatamodel; sourceTree = "<group>"; };
		E7AF37BE13E4B98300DB58CA /* en */ = {isa = PBXFileReference; lastKnownFileType = file.xib; name = en; path = en.lproj/MainWindow.xib; sourceTree = "<group>"; };
		E7AF37C013E4B98300DB58CA /* RootViewController.h */ = {isa = PBXFileReference; lastKnownFileType = sourcecode.c.h; path = RootViewController.h; sourceTree = "<group>"; };
		E7AF37C113E4B98300DB58CA /* RootViewController.m */ = {isa = PBXFileReference; lastKnownFileType = sourcecode.c.objc; path = RootViewController.m; sourceTree = "<group>"; };
		E7AF37C413E4B98300DB58CA /* en */ = {isa = PBXFileReference; lastKnownFileType = file.xib; name = en; path = en.lproj/RootViewController.xib; sourceTree = "<group>"; };
		E7AF37CB13E4B98300DB58CA /* EmojiCharadesTests.octest */ = {isa = PBXFileReference; explicitFileType = wrapper.cfbundle; includeInIndex = 0; path = EmojiCharadesTests.octest; sourceTree = BUILT_PRODUCTS_DIR; };
		E7AF37CC13E4B98300DB58CA /* SenTestingKit.framework */ = {isa = PBXFileReference; lastKnownFileType = wrapper.framework; name = SenTestingKit.framework; path = Library/Frameworks/SenTestingKit.framework; sourceTree = DEVELOPER_DIR; };
		E7AF37D613E4B98300DB58CA /* EmojiCharadesTests-Info.plist */ = {isa = PBXFileReference; lastKnownFileType = text.plist.xml; path = "EmojiCharadesTests-Info.plist"; sourceTree = "<group>"; };
		E7AF37D813E4B98300DB58CA /* en */ = {isa = PBXFileReference; lastKnownFileType = text.plist.strings; name = en; path = en.lproj/InfoPlist.strings; sourceTree = "<group>"; };
		E7AF37DA13E4B98300DB58CA /* EmojiCharadesTests.h */ = {isa = PBXFileReference; lastKnownFileType = sourcecode.c.h; path = EmojiCharadesTests.h; sourceTree = "<group>"; };
		E7AF37DC13E4B98300DB58CA /* EmojiCharadesTests.m */ = {isa = PBXFileReference; lastKnownFileType = sourcecode.c.objc; path = EmojiCharadesTests.m; sourceTree = "<group>"; };
		E7D3B9C213EF2A1E007C5B19 /* ResultController.h */ = {isa = PBXFileReference; fileEncoding = 4; lastKnownFileType = sourcecode.c.h; path = ResultController.h; sourceTree = "<group>"; };
		E7D3B9C313EF2A1E007C5B19 /* ResultController.m */ = {isa = PBXFileReference; fileEncoding = 4; lastKnownFileType = sourcecode.c.objc; path = ResultController.m; sourceTree = "<group>"; };
		E7D3B9C413EF2A1F007C5B19 /* ResultController.xib */ = {isa = PBXFileReference; fileEncoding = 4; lastKnownFileType = file.xib; path = ResultController.xib; sourceTree = "<group>"; };
		E7E9BEC313F50BFD00C113F1 /* Entitlements.entitlements */ = {isa = PBXFileReference; fileEncoding = 4; lastKnownFileType = text.xml; path = Entitlements.entitlements; sourceTree = "<group>"; };
		E7F8099313E5F0C90077F0CE /* RestKit.xcodeproj */ = {isa = PBXFileReference; lastKnownFileType = "wrapper.pb-project"; name = RestKit.xcodeproj; path = RestKit/RestKit.xcodeproj; sourceTree = "<group>"; };
		E7F809C613E5FD150077F0CE /* ECUser.h */ = {isa = PBXFileReference; fileEncoding = 4; lastKnownFileType = sourcecode.c.h; path = ECUser.h; sourceTree = "<group>"; };
		E7F809C713E5FD150077F0CE /* ECUser.m */ = {isa = PBXFileReference; fileEncoding = 4; lastKnownFileType = sourcecode.c.objc; path = ECUser.m; sourceTree = "<group>"; };
		E7F809C913E67D420077F0CE /* ECGame.h */ = {isa = PBXFileReference; fileEncoding = 4; lastKnownFileType = sourcecode.c.h; path = ECGame.h; sourceTree = "<group>"; };
		E7F809CA13E67D420077F0CE /* ECGame.m */ = {isa = PBXFileReference; fileEncoding = 4; lastKnownFileType = sourcecode.c.objc; path = ECGame.m; sourceTree = "<group>"; };
		E7F809CC13E67F600077F0CE /* Constants.h */ = {isa = PBXFileReference; fileEncoding = 4; lastKnownFileType = sourcecode.c.h; lineEnding = 0; path = Constants.h; sourceTree = "<group>"; xcLanguageSpecificationIdentifier = xcode.lang.objcpp; };
		E7F809CD13E67F600077F0CE /* Constants.m */ = {isa = PBXFileReference; fileEncoding = 4; lastKnownFileType = sourcecode.c.objc; lineEnding = 0; path = Constants.m; sourceTree = "<group>"; xcLanguageSpecificationIdentifier = xcode.lang.objc; };
		E7F809CF13E680720077F0CE /* ECTurn.h */ = {isa = PBXFileReference; fileEncoding = 4; lastKnownFileType = sourcecode.c.h; path = ECTurn.h; sourceTree = "<group>"; };
		E7F809D013E680720077F0CE /* ECTurn.m */ = {isa = PBXFileReference; fileEncoding = 4; lastKnownFileType = sourcecode.c.objc; path = ECTurn.m; sourceTree = "<group>"; };
/* End PBXFileReference section */

/* Begin PBXFrameworksBuildPhase section */
		E7AF379F13E4B98300DB58CA /* Frameworks */ = {
			isa = PBXFrameworksBuildPhase;
			buildActionMask = 2147483647;
			files = (
				E77B279C13FA0E7C009BA273 /* libfacebook_ios_sdk.a in Frameworks */,
				E7F809D213E686A80077F0CE /* libRestKitCoreData.a in Frameworks */,
				E7F809C013E5F23D0077F0CE /* libRestKitJSONParserJSONKit.a in Frameworks */,
				E7F809C113E5F23D0077F0CE /* libRestKitNetwork.a in Frameworks */,
				E7F809C213E5F23D0077F0CE /* libRestKitObjectMapping.a in Frameworks */,
				E7F809BD13E5F13B0077F0CE /* libRestKitSupport.a in Frameworks */,
				E720AF8813E5EC28007D1564 /* libxml2.dylib in Frameworks */,
				E720AF8613E5EC1A007D1564 /* SystemConfiguration.framework in Frameworks */,
				E720AF8413E5EC10007D1564 /* MobileCoreServices.framework in Frameworks */,
				E720AF8213E5EBEF007D1564 /* CFNetwork.framework in Frameworks */,
				E7AF37A713E4B98300DB58CA /* UIKit.framework in Frameworks */,
				E7AF37A913E4B98300DB58CA /* Foundation.framework in Frameworks */,
				E7AF37AB13E4B98300DB58CA /* CoreGraphics.framework in Frameworks */,
				E7AF37AD13E4B98300DB58CA /* CoreData.framework in Frameworks */,
			);
			runOnlyForDeploymentPostprocessing = 0;
		};
		E7AF37C713E4B98300DB58CA /* Frameworks */ = {
			isa = PBXFrameworksBuildPhase;
			buildActionMask = 2147483647;
			files = (
				E7AF37CD13E4B98300DB58CA /* SenTestingKit.framework in Frameworks */,
				E7AF37CE13E4B98300DB58CA /* UIKit.framework in Frameworks */,
				E7AF37CF13E4B98300DB58CA /* Foundation.framework in Frameworks */,
				E7AF37D013E4B98300DB58CA /* CoreGraphics.framework in Frameworks */,
				E7AF37D113E4B98300DB58CA /* CoreData.framework in Frameworks */,
			);
			runOnlyForDeploymentPostprocessing = 0;
		};
/* End PBXFrameworksBuildPhase section */

/* Begin PBXGroup section */
		00771ACE13FA4FF400F2FBAA /* Views */ = {
			isa = PBXGroup;
			children = (
				00771ACF13FA4FF400F2FBAA /* PlayGameView.h */,
				00771AD013FA4FF400F2FBAA /* PlayGameView.m */,
				E7ABEA1813FB8CFC00D634FC /* CreateGameView.h */,
				E7ABEA1913FB8CFC00D634FC /* CreateGameView.m */,
				E77213F713FF15CC00F4D91C /* ECKeyboardView.h */,
				E77213F813FF15CC00F4D91C /* ECKeyboardView.m */,
			);
			path = Views;
			sourceTree = "<group>";
		};
		E77B279213FA0E2D009BA273 /* Products */ = {
			isa = PBXGroup;
			children = (
				E77B279913FA0E2E009BA273 /* libfacebook_ios_sdk.a */,
			);
			name = Products;
			sourceTree = "<group>";
		};
		E7AF379713E4B98200DB58CA = {
			isa = PBXGroup;
			children = (
				E77B279113FA0E2D009BA273 /* facebook-ios-sdk.xcodeproj */,
				E77B278F13F8F2B6009BA273 /* emoji_icon.png@2.png */,
				E77B278C13F8F1C5009BA273 /* emoji_icon.png */,
				E7E9BEC313F50BFD00C113F1 /* Entitlements.entitlements */,
				E7F8099313E5F0C90077F0CE /* RestKit.xcodeproj */,
				E720AF8713E5EC27007D1564 /* libxml2.dylib */,
				E720AF8513E5EC1A007D1564 /* SystemConfiguration.framework */,
				E720AF8313E5EC10007D1564 /* MobileCoreServices.framework */,
				E720AF8113E5EBEF007D1564 /* CFNetwork.framework */,
				E7AF37AE13E4B98300DB58CA /* EmojiCharades */,
				E7AF37D413E4B98300DB58CA /* EmojiCharadesTests */,
				E7AF37A513E4B98300DB58CA /* Frameworks */,
				E7AF37A313E4B98300DB58CA /* Products */,
			);
			sourceTree = "<group>";
		};
		E7AF37A313E4B98300DB58CA /* Products */ = {
			isa = PBXGroup;
			children = (
				E7AF37A213E4B98300DB58CA /* EmojiCharades.app */,
				E7AF37CB13E4B98300DB58CA /* EmojiCharadesTests.octest */,
			);
			name = Products;
			sourceTree = "<group>";
		};
		E7AF37A513E4B98300DB58CA /* Frameworks */ = {
			isa = PBXGroup;
			children = (
				E7AF37A613E4B98300DB58CA /* UIKit.framework */,
				E7AF37A813E4B98300DB58CA /* Foundation.framework */,
				E7AF37AA13E4B98300DB58CA /* CoreGraphics.framework */,
				E7AF37AC13E4B98300DB58CA /* CoreData.framework */,
				E7AF37CC13E4B98300DB58CA /* SenTestingKit.framework */,
			);
			name = Frameworks;
			sourceTree = "<group>";
		};
		E7AF37AE13E4B98300DB58CA /* EmojiCharades */ = {
			isa = PBXGroup;
			children = (
				00771ACE13FA4FF400F2FBAA /* Views */,
				E7AF37B713E4B98300DB58CA /* EmojiCharadesAppDelegate.h */,
				E7AF37B813E4B98300DB58CA /* EmojiCharadesAppDelegate.m */,
				E77213FA13FF3B0C00F4D91C /* ECKeyboardViewController.h */,
				E77213FB13FF3B0C00F4D91C /* ECKeyboardViewController.m */,
				E77213F513FF145E00F4D91C /* ECKeyboardViewController.xib */,
				E7F809CC13E67F600077F0CE /* Constants.h */,
				E7F809CD13E67F600077F0CE /* Constants.m */,
				E7F809C613E5FD150077F0CE /* ECUser.h */,
				E7F809C713E5FD150077F0CE /* ECUser.m */,
				E7F809C913E67D420077F0CE /* ECGame.h */,
				E7F809CA13E67D420077F0CE /* ECGame.m */,
				E7F809CF13E680720077F0CE /* ECTurn.h */,
				E7F809D013E680720077F0CE /* ECTurn.m */,
				E7309C9313EE4A0400F270F3 /* PlayGameController.h */,
				E7309C9413EE4A0400F270F3 /* PlayGameController.m */,
				E7309C9513EE4A0400F270F3 /* PlayGameController.xib */,
				E7AF37C013E4B98300DB58CA /* RootViewController.h */,
				E7AF37C113E4B98300DB58CA /* RootViewController.m */,
				E7AF37C313E4B98300DB58CA /* RootViewController.xib */,
				E7309C8E13EDFF5400F270F3 /* CreateGameController.h */,
				E7309C8F13EDFF5500F270F3 /* CreateGameController.m */,
				E7309C9013EDFF5500F270F3 /* CreateGameController.xib */,
				E7AF37BD13E4B98300DB58CA /* MainWindow.xib */,
				E7AF37BA13E4B98300DB58CA /* EmojiCharades.xcdatamodeld */,
				E7AF37AF13E4B98300DB58CA /* Supporting Files */,
				E7D3B9C213EF2A1E007C5B19 /* ResultController.h */,
				E7D3B9C313EF2A1E007C5B19 /* ResultController.m */,
				E7D3B9C413EF2A1F007C5B19 /* ResultController.xib */,
				E78F7B351403031B00120536 /* NSDate+timeAgo.h */,
				E78F7B361403031B00120536 /* NSDate+timeAgo.m */,
			);
			path = EmojiCharades;
			sourceTree = "<group>";
		};
		E7AF37AF13E4B98300DB58CA /* Supporting Files */ = {
			isa = PBXGroup;
			children = (
				E7AF37B013E4B98300DB58CA /* EmojiCharades-Info.plist */,
				E7AF37B113E4B98300DB58CA /* InfoPlist.strings */,
				E7AF37B413E4B98300DB58CA /* main.m */,
				E7AF37B613E4B98300DB58CA /* EmojiCharades-Prefix.pch */,
			);
			name = "Supporting Files";
			sourceTree = "<group>";
		};
		E7AF37D413E4B98300DB58CA /* EmojiCharadesTests */ = {
			isa = PBXGroup;
			children = (
				E7AF37DA13E4B98300DB58CA /* EmojiCharadesTests.h */,
				E7AF37DC13E4B98300DB58CA /* EmojiCharadesTests.m */,
				E7AF37D513E4B98300DB58CA /* Supporting Files */,
			);
			path = EmojiCharadesTests;
			sourceTree = "<group>";
		};
		E7AF37D513E4B98300DB58CA /* Supporting Files */ = {
			isa = PBXGroup;
			children = (
				E7AF37D613E4B98300DB58CA /* EmojiCharadesTests-Info.plist */,
				E7AF37D713E4B98300DB58CA /* InfoPlist.strings */,
			);
			name = "Supporting Files";
			sourceTree = "<group>";
		};
		E7F8099413E5F0C90077F0CE /* Products */ = {
			isa = PBXGroup;
			children = (
				E7F809A813E5F0C90077F0CE /* libRestKitNetwork.a */,
				E7F809AA13E5F0C90077F0CE /* libRestKitObjectMapping.a */,
				E7F809AC13E5F0C90077F0CE /* libRestKitSupport.a */,
				E7F809AE13E5F0C90077F0CE /* libRestKitJSONParser+NXJSON.a */,
				E7F809B013E5F0C90077F0CE /* libRestKitJSONParserYAJL.a */,
				E7F809B213E5F0C90077F0CE /* libRestKitJSONParserSBJSON.a */,
				E7F809B413E5F0C90077F0CE /* libRestKitJSONParserJSONKit.a */,
				E7F809B613E5F0C90077F0CE /* libRestKitXMLParserLibxml.a */,
				E7F809B813E5F0C90077F0CE /* libRestKitCoreData.a */,
				E7F809BA13E5F0C90077F0CE /* libRestKitThree20.a */,
				E7F809BC13E5F0C90077F0CE /* UISpec.app */,
			);
			name = Products;
			sourceTree = "<group>";
		};
/* End PBXGroup section */

/* Begin PBXNativeTarget section */
		E7AF37A113E4B98300DB58CA /* EmojiCharades */ = {
			isa = PBXNativeTarget;
			buildConfigurationList = E7AF37E013E4B98300DB58CA /* Build configuration list for PBXNativeTarget "EmojiCharades" */;
			buildPhases = (
				E7AF379E13E4B98300DB58CA /* Sources */,
				E7AF379F13E4B98300DB58CA /* Frameworks */,
				E7AF37A013E4B98300DB58CA /* Resources */,
			);
			buildRules = (
			);
			dependencies = (
				E77B279B13FA0E6F009BA273 /* PBXTargetDependency */,
				E7F809BF13E5F18D0077F0CE /* PBXTargetDependency */,
			);
			name = EmojiCharades;
			productName = EmojiCharades;
			productReference = E7AF37A213E4B98300DB58CA /* EmojiCharades.app */;
			productType = "com.apple.product-type.application";
		};
		E7AF37CA13E4B98300DB58CA /* EmojiCharadesTests */ = {
			isa = PBXNativeTarget;
			buildConfigurationList = E7AF37E313E4B98300DB58CA /* Build configuration list for PBXNativeTarget "EmojiCharadesTests" */;
			buildPhases = (
				E7AF37C613E4B98300DB58CA /* Sources */,
				E7AF37C713E4B98300DB58CA /* Frameworks */,
				E7AF37C813E4B98300DB58CA /* Resources */,
				E7AF37C913E4B98300DB58CA /* ShellScript */,
			);
			buildRules = (
			);
			dependencies = (
				E7AF37D313E4B98300DB58CA /* PBXTargetDependency */,
			);
			name = EmojiCharadesTests;
			productName = EmojiCharadesTests;
			productReference = E7AF37CB13E4B98300DB58CA /* EmojiCharadesTests.octest */;
			productType = "com.apple.product-type.bundle";
		};
/* End PBXNativeTarget section */

/* Begin PBXProject section */
		E7AF379913E4B98200DB58CA /* Project object */ = {
			isa = PBXProject;
			attributes = {
				LastUpgradeCheck = 0420;
			};
			buildConfigurationList = E7AF379C13E4B98200DB58CA /* Build configuration list for PBXProject "EmojiCharades" */;
			compatibilityVersion = "Xcode 3.2";
			developmentRegion = English;
			hasScannedForEncodings = 0;
			knownRegions = (
				en,
			);
			mainGroup = E7AF379713E4B98200DB58CA;
			productRefGroup = E7AF37A313E4B98300DB58CA /* Products */;
			projectDirPath = "";
			projectReferences = (
				{
					ProductGroup = E77B279213FA0E2D009BA273 /* Products */;
					ProjectRef = E77B279113FA0E2D009BA273 /* facebook-ios-sdk.xcodeproj */;
				},
				{
					ProductGroup = E7F8099413E5F0C90077F0CE /* Products */;
					ProjectRef = E7F8099313E5F0C90077F0CE /* RestKit.xcodeproj */;
				},
			);
			projectRoot = "";
			targets = (
				E7AF37A113E4B98300DB58CA /* EmojiCharades */,
				E7AF37CA13E4B98300DB58CA /* EmojiCharadesTests */,
			);
		};
/* End PBXProject section */

/* Begin PBXReferenceProxy section */
		E77B279913FA0E2E009BA273 /* libfacebook_ios_sdk.a */ = {
			isa = PBXReferenceProxy;
			fileType = archive.ar;
			path = libfacebook_ios_sdk.a;
			remoteRef = E77B279813FA0E2E009BA273 /* PBXContainerItemProxy */;
			sourceTree = BUILT_PRODUCTS_DIR;
		};
		E7F809A813E5F0C90077F0CE /* libRestKitNetwork.a */ = {
			isa = PBXReferenceProxy;
			fileType = archive.ar;
			path = libRestKitNetwork.a;
			remoteRef = E7F809A713E5F0C90077F0CE /* PBXContainerItemProxy */;
			sourceTree = BUILT_PRODUCTS_DIR;
		};
		E7F809AA13E5F0C90077F0CE /* libRestKitObjectMapping.a */ = {
			isa = PBXReferenceProxy;
			fileType = archive.ar;
			path = libRestKitObjectMapping.a;
			remoteRef = E7F809A913E5F0C90077F0CE /* PBXContainerItemProxy */;
			sourceTree = BUILT_PRODUCTS_DIR;
		};
		E7F809AC13E5F0C90077F0CE /* libRestKitSupport.a */ = {
			isa = PBXReferenceProxy;
			fileType = archive.ar;
			path = libRestKitSupport.a;
			remoteRef = E7F809AB13E5F0C90077F0CE /* PBXContainerItemProxy */;
			sourceTree = BUILT_PRODUCTS_DIR;
		};
		E7F809AE13E5F0C90077F0CE /* libRestKitJSONParser+NXJSON.a */ = {
			isa = PBXReferenceProxy;
			fileType = archive.ar;
			name = "libRestKitJSONParser+NXJSON.a";
			path = libRestKitJSONParserNXJSON.a;
			remoteRef = E7F809AD13E5F0C90077F0CE /* PBXContainerItemProxy */;
			sourceTree = BUILT_PRODUCTS_DIR;
		};
		E7F809B013E5F0C90077F0CE /* libRestKitJSONParserYAJL.a */ = {
			isa = PBXReferenceProxy;
			fileType = archive.ar;
			path = libRestKitJSONParserYAJL.a;
			remoteRef = E7F809AF13E5F0C90077F0CE /* PBXContainerItemProxy */;
			sourceTree = BUILT_PRODUCTS_DIR;
		};
		E7F809B213E5F0C90077F0CE /* libRestKitJSONParserSBJSON.a */ = {
			isa = PBXReferenceProxy;
			fileType = archive.ar;
			path = libRestKitJSONParserSBJSON.a;
			remoteRef = E7F809B113E5F0C90077F0CE /* PBXContainerItemProxy */;
			sourceTree = BUILT_PRODUCTS_DIR;
		};
		E7F809B413E5F0C90077F0CE /* libRestKitJSONParserJSONKit.a */ = {
			isa = PBXReferenceProxy;
			fileType = archive.ar;
			path = libRestKitJSONParserJSONKit.a;
			remoteRef = E7F809B313E5F0C90077F0CE /* PBXContainerItemProxy */;
			sourceTree = BUILT_PRODUCTS_DIR;
		};
		E7F809B613E5F0C90077F0CE /* libRestKitXMLParserLibxml.a */ = {
			isa = PBXReferenceProxy;
			fileType = archive.ar;
			path = libRestKitXMLParserLibxml.a;
			remoteRef = E7F809B513E5F0C90077F0CE /* PBXContainerItemProxy */;
			sourceTree = BUILT_PRODUCTS_DIR;
		};
		E7F809B813E5F0C90077F0CE /* libRestKitCoreData.a */ = {
			isa = PBXReferenceProxy;
			fileType = archive.ar;
			path = libRestKitCoreData.a;
			remoteRef = E7F809B713E5F0C90077F0CE /* PBXContainerItemProxy */;
			sourceTree = BUILT_PRODUCTS_DIR;
		};
		E7F809BA13E5F0C90077F0CE /* libRestKitThree20.a */ = {
			isa = PBXReferenceProxy;
			fileType = archive.ar;
			path = libRestKitThree20.a;
			remoteRef = E7F809B913E5F0C90077F0CE /* PBXContainerItemProxy */;
			sourceTree = BUILT_PRODUCTS_DIR;
		};
		E7F809BC13E5F0C90077F0CE /* UISpec.app */ = {
			isa = PBXReferenceProxy;
			fileType = wrapper.application;
			path = UISpec.app;
			remoteRef = E7F809BB13E5F0C90077F0CE /* PBXContainerItemProxy */;
			sourceTree = BUILT_PRODUCTS_DIR;
		};
/* End PBXReferenceProxy section */

/* Begin PBXResourcesBuildPhase section */
		E7AF37A013E4B98300DB58CA /* Resources */ = {
			isa = PBXResourcesBuildPhase;
			buildActionMask = 2147483647;
			files = (
				E7E9BEBE13F4E9BC00C113F1 /* EmojiCharades.xcdatamodeld in Resources */,
				E7AF37B313E4B98300DB58CA /* InfoPlist.strings in Resources */,
				E7AF37BF13E4B98300DB58CA /* MainWindow.xib in Resources */,
				E7AF37C513E4B98300DB58CA /* RootViewController.xib in Resources */,
				E7309C9213EDFF5500F270F3 /* CreateGameController.xib in Resources */,
				E7309C9713EE4A0500F270F3 /* PlayGameController.xib in Resources */,
				E7D3B9C613EF2A1F007C5B19 /* ResultController.xib in Resources */,
				E7E9BEC413F50BFD00C113F1 /* Entitlements.entitlements in Resources */,
				E77B278E13F8F2B0009BA273 /* emoji_icon.png in Resources */,
				E77B279013F8F2B6009BA273 /* emoji_icon.png@2.png in Resources */,
				E77213F613FF145E00F4D91C /* ECKeyboardViewController.xib in Resources */,
			);
			runOnlyForDeploymentPostprocessing = 0;
		};
		E7AF37C813E4B98300DB58CA /* Resources */ = {
			isa = PBXResourcesBuildPhase;
			buildActionMask = 2147483647;
			files = (
				E7AF37D913E4B98300DB58CA /* InfoPlist.strings in Resources */,
				E7AF37DB13E4B98300DB58CA /* EmojiCharadesTests.h in Resources */,
			);
			runOnlyForDeploymentPostprocessing = 0;
		};
/* End PBXResourcesBuildPhase section */

/* Begin PBXShellScriptBuildPhase section */
		E7AF37C913E4B98300DB58CA /* ShellScript */ = {
			isa = PBXShellScriptBuildPhase;
			buildActionMask = 2147483647;
			files = (
			);
			inputPaths = (
			);
			outputPaths = (
			);
			runOnlyForDeploymentPostprocessing = 0;
			shellPath = /bin/sh;
			shellScript = "# Run the unit tests in this test bundle.\n\"${SYSTEM_DEVELOPER_DIR}/Tools/RunUnitTests\"\n";
		};
/* End PBXShellScriptBuildPhase section */

/* Begin PBXSourcesBuildPhase section */
		E7AF379E13E4B98300DB58CA /* Sources */ = {
			isa = PBXSourcesBuildPhase;
			buildActionMask = 2147483647;
			files = (
				E7AF37B513E4B98300DB58CA /* main.m in Sources */,
				E7AF37B913E4B98300DB58CA /* EmojiCharadesAppDelegate.m in Sources */,
				E7AF37BC13E4B98300DB58CA /* EmojiCharades.xcdatamodeld in Sources */,
				E7AF37C213E4B98300DB58CA /* RootViewController.m in Sources */,
				E7F809C813E5FD150077F0CE /* ECUser.m in Sources */,
				E7F809CB13E67D420077F0CE /* ECGame.m in Sources */,
				E7F809CE13E67F600077F0CE /* Constants.m in Sources */,
				E7F809D113E680720077F0CE /* ECTurn.m in Sources */,
				E7309C9113EDFF5500F270F3 /* CreateGameController.m in Sources */,
				E7309C9613EE4A0500F270F3 /* PlayGameController.m in Sources */,
				E7D3B9C513EF2A1F007C5B19 /* ResultController.m in Sources */,
				00771AD113FA4FF400F2FBAA /* PlayGameView.m in Sources */,
				E7ABEA1A13FB8CFC00D634FC /* CreateGameView.m in Sources */,
				E77213F913FF15CC00F4D91C /* ECKeyboardView.m in Sources */,
				E77213FC13FF3B0C00F4D91C /* ECKeyboardViewController.m in Sources */,
				E78F7B371403031B00120536 /* NSDate+timeAgo.m in Sources */,
			);
			runOnlyForDeploymentPostprocessing = 0;
		};
		E7AF37C613E4B98300DB58CA /* Sources */ = {
			isa = PBXSourcesBuildPhase;
			buildActionMask = 2147483647;
			files = (
				E7AF37DD13E4B98300DB58CA /* EmojiCharadesTests.m in Sources */,
			);
			runOnlyForDeploymentPostprocessing = 0;
		};
/* End PBXSourcesBuildPhase section */

/* Begin PBXTargetDependency section */
		E77B279B13FA0E6F009BA273 /* PBXTargetDependency */ = {
			isa = PBXTargetDependency;
			name = "facebook-ios-sdk";
			targetProxy = E77B279A13FA0E6F009BA273 /* PBXContainerItemProxy */;
		};
		E7AF37D313E4B98300DB58CA /* PBXTargetDependency */ = {
			isa = PBXTargetDependency;
			target = E7AF37A113E4B98300DB58CA /* EmojiCharades */;
			targetProxy = E7AF37D213E4B98300DB58CA /* PBXContainerItemProxy */;
		};
		E7F809BF13E5F18D0077F0CE /* PBXTargetDependency */ = {
			isa = PBXTargetDependency;
			name = RestKit;
			targetProxy = E7F809BE13E5F18D0077F0CE /* PBXContainerItemProxy */;
		};
/* End PBXTargetDependency section */

/* Begin PBXVariantGroup section */
		E7AF37B113E4B98300DB58CA /* InfoPlist.strings */ = {
			isa = PBXVariantGroup;
			children = (
				E7AF37B213E4B98300DB58CA /* en */,
			);
			name = InfoPlist.strings;
			sourceTree = "<group>";
		};
		E7AF37BD13E4B98300DB58CA /* MainWindow.xib */ = {
			isa = PBXVariantGroup;
			children = (
				E7AF37BE13E4B98300DB58CA /* en */,
			);
			name = MainWindow.xib;
			sourceTree = "<group>";
		};
		E7AF37C313E4B98300DB58CA /* RootViewController.xib */ = {
			isa = PBXVariantGroup;
			children = (
				E7AF37C413E4B98300DB58CA /* en */,
			);
			name = RootViewController.xib;
			sourceTree = "<group>";
		};
		E7AF37D713E4B98300DB58CA /* InfoPlist.strings */ = {
			isa = PBXVariantGroup;
			children = (
				E7AF37D813E4B98300DB58CA /* en */,
			);
			name = InfoPlist.strings;
			sourceTree = "<group>";
		};
/* End PBXVariantGroup section */

/* Begin XCBuildConfiguration section */
		E7AF37DE13E4B98300DB58CA /* Debug */ = {
			isa = XCBuildConfiguration;
			buildSettings = {
				ALWAYS_SEARCH_USER_PATHS = NO;
				ARCHS = "$(ARCHS_STANDARD_32_BIT)";
				CODE_SIGN_IDENTITY = "iPhone Developer: Stephen FARRELL (YKQN5HRYAE)";
				"CODE_SIGN_IDENTITY[sdk=iphoneos*]" = "iPhone Developer";
				COPY_PHASE_STRIP = NO;
				GCC_C_LANGUAGE_STANDARD = gnu99;
				GCC_DYNAMIC_NO_PIC = NO;
				GCC_OPTIMIZATION_LEVEL = 0;
				GCC_PREPROCESSOR_DEFINITIONS = (
					"DEBUG=1",
					"$(inherited)",
				);
				GCC_SYMBOLS_PRIVATE_EXTERN = NO;
				GCC_VERSION = com.apple.compilers.llvmgcc42;
				GCC_WARN_ABOUT_MISSING_PROTOTYPES = YES;
				GCC_WARN_ABOUT_RETURN_TYPE = YES;
				GCC_WARN_UNUSED_VARIABLE = YES;
				HEADER_SEARCH_PATHS = (
					"$(SOURCE_ROOT)/facebook-ios-sdk/src/**",
					"$(SOURCE_ROOT)/RestKit/Build",
				);
				IPHONEOS_DEPLOYMENT_TARGET = 4.3;
				LIBRARY_SEARCH_PATHS = "$(SOURCE_ROOT)/RestKit/Build";
				OTHER_LDFLAGS = (
					"-Objc",
					"-all_load",
				);
				PROVISIONING_PROFILE = "18C37481-1D7E-406C-98AE-1312069D3606";
				SDKROOT = iphoneos;
			};
			name = Debug;
		};
		E7AF37DF13E4B98300DB58CA /* Release */ = {
			isa = XCBuildConfiguration;
			buildSettings = {
				ALWAYS_SEARCH_USER_PATHS = NO;
				ARCHS = "$(ARCHS_STANDARD_32_BIT)";
				CODE_SIGN_IDENTITY = "iPhone Developer: Stephen FARRELL (YKQN5HRYAE)";
				"CODE_SIGN_IDENTITY[sdk=iphoneos*]" = "iPhone Developer";
				COPY_PHASE_STRIP = YES;
				GCC_C_LANGUAGE_STANDARD = gnu99;
				GCC_VERSION = com.apple.compilers.llvmgcc42;
				GCC_WARN_ABOUT_MISSING_PROTOTYPES = YES;
				GCC_WARN_ABOUT_RETURN_TYPE = YES;
				GCC_WARN_UNUSED_VARIABLE = YES;
				HEADER_SEARCH_PATHS = (
					"$(SOURCE_ROOT)/facebook-ios-sdk/src/**",
					"$(SOURCE_ROOT)/RestKit/Build",
				);
				IPHONEOS_DEPLOYMENT_TARGET = 4.3;
				LIBRARY_SEARCH_PATHS = "$(SOURCE_ROOT)/RestKit/Build";
				OTHER_CFLAGS = "-DNS_BLOCK_ASSERTIONS=1";
				OTHER_LDFLAGS = (
					"-Objc",
					"-all_load",
				);
				PROVISIONING_PROFILE = "18C37481-1D7E-406C-98AE-1312069D3606";
				SDKROOT = iphoneos;
				VALIDATE_PRODUCT = YES;
			};
			name = Release;
		};
		E7AF37E113E4B98300DB58CA /* Debug */ = {
			isa = XCBuildConfiguration;
			buildSettings = {
				ALWAYS_SEARCH_USER_PATHS = YES;
				CODE_SIGN_IDENTITY = "iPhone Developer";
				GCC_PRECOMPILE_PREFIX_HEADER = YES;
				GCC_PREFIX_HEADER = "EmojiCharades/EmojiCharades-Prefix.pch";
				INFOPLIST_FILE = "EmojiCharades/EmojiCharades-Info.plist";
				IPHONEOS_DEPLOYMENT_TARGET = 4.3;
				LIBRARY_SEARCH_PATHS = "";
				PRODUCT_NAME = "$(TARGET_NAME)";
				PROVISIONING_PROFILE = "";
				WRAPPER_EXTENSION = app;
			};
			name = Debug;
		};
		E7AF37E213E4B98300DB58CA /* Release */ = {
			isa = XCBuildConfiguration;
			buildSettings = {
				ALWAYS_SEARCH_USER_PATHS = YES;
				CODE_SIGN_IDENTITY = "iPhone Developer";
				GCC_PRECOMPILE_PREFIX_HEADER = YES;
				GCC_PREFIX_HEADER = "EmojiCharades/EmojiCharades-Prefix.pch";
				INFOPLIST_FILE = "EmojiCharades/EmojiCharades-Info.plist";
				IPHONEOS_DEPLOYMENT_TARGET = 4.3;
				LIBRARY_SEARCH_PATHS = "";
				PRODUCT_NAME = "$(TARGET_NAME)";
				PROVISIONING_PROFILE = "";
				WRAPPER_EXTENSION = app;
			};
			name = Release;
		};
		E7AF37E413E4B98300DB58CA /* Debug */ = {
			isa = XCBuildConfiguration;
			buildSettings = {
				BUNDLE_LOADER = "$(BUILT_PRODUCTS_DIR)/EmojiCharades.app/EmojiCharades";
				FRAMEWORK_SEARCH_PATHS = (
					"$(SDKROOT)/Developer/Library/Frameworks",
					"$(DEVELOPER_LIBRARY_DIR)/Frameworks",
				);
				GCC_PRECOMPILE_PREFIX_HEADER = YES;
				GCC_PREFIX_HEADER = "EmojiCharades/EmojiCharades-Prefix.pch";
				INFOPLIST_FILE = "EmojiCharadesTests/EmojiCharadesTests-Info.plist";
				PRODUCT_NAME = "$(TARGET_NAME)";
				TEST_HOST = "$(BUNDLE_LOADER)";
				WRAPPER_EXTENSION = octest;
			};
			name = Debug;
		};
		E7AF37E513E4B98300DB58CA /* Release */ = {
			isa = XCBuildConfiguration;
			buildSettings = {
				BUNDLE_LOADER = "$(BUILT_PRODUCTS_DIR)/EmojiCharades.app/EmojiCharades";
				FRAMEWORK_SEARCH_PATHS = (
					"$(SDKROOT)/Developer/Library/Frameworks",
					"$(DEVELOPER_LIBRARY_DIR)/Frameworks",
				);
				GCC_PRECOMPILE_PREFIX_HEADER = YES;
				GCC_PREFIX_HEADER = "EmojiCharades/EmojiCharades-Prefix.pch";
				INFOPLIST_FILE = "EmojiCharadesTests/EmojiCharadesTests-Info.plist";
				PRODUCT_NAME = "$(TARGET_NAME)";
				TEST_HOST = "$(BUNDLE_LOADER)";
				WRAPPER_EXTENSION = octest;
			};
			name = Release;
		};
		E7E9BEBA13F4DE9F00C113F1 /* Ad hoc */ = {
			isa = XCBuildConfiguration;
			buildSettings = {
				ALWAYS_SEARCH_USER_PATHS = NO;
				ARCHS = "$(ARCHS_STANDARD_32_BIT)";
				CODE_SIGN_IDENTITY = "iPhone Developer: Stephen FARRELL (YKQN5HRYAE)";
				"CODE_SIGN_IDENTITY[sdk=iphoneos*]" = "iPhone Developer";
				COPY_PHASE_STRIP = YES;
				GCC_C_LANGUAGE_STANDARD = gnu99;
				GCC_VERSION = com.apple.compilers.llvmgcc42;
				GCC_WARN_ABOUT_MISSING_PROTOTYPES = YES;
				GCC_WARN_ABOUT_RETURN_TYPE = YES;
				GCC_WARN_UNUSED_VARIABLE = YES;
				HEADER_SEARCH_PATHS = (
					"$(SOURCE_ROOT)/facebook-ios-sdk/src/**",
					"$(SOURCE_ROOT)/RestKit/Build",
				);
				IPHONEOS_DEPLOYMENT_TARGET = 4.3;
				LIBRARY_SEARCH_PATHS = "$(SOURCE_ROOT)/RestKit/Build";
				OTHER_CFLAGS = "-DNS_BLOCK_ASSERTIONS=1";
				OTHER_LDFLAGS = (
					"-Objc",
					"-all_load",
				);
				PROVISIONING_PROFILE = "18C37481-1D7E-406C-98AE-1312069D3606";
				SDKROOT = iphoneos;
				VALIDATE_PRODUCT = YES;
			};
			name = "Ad hoc";
		};
		E7E9BEBB13F4DE9F00C113F1 /* Ad hoc */ = {
			isa = XCBuildConfiguration;
			buildSettings = {
				ALWAYS_SEARCH_USER_PATHS = YES;
				"CODE_SIGN_ENTITLEMENTS[sdk=*]" = Entitlements.entitlements;
				CODE_SIGN_IDENTITY = "iPhone Developer";
				"CODE_SIGN_IDENTITY[sdk=iphoneos*]" = "iPhone Developer";
				GCC_PRECOMPILE_PREFIX_HEADER = YES;
				GCC_PREFIX_HEADER = "EmojiCharades/EmojiCharades-Prefix.pch";
				INFOPLIST_FILE = "EmojiCharades/EmojiCharades-Info.plist";
				IPHONEOS_DEPLOYMENT_TARGET = 4.3;
				LIBRARY_SEARCH_PATHS = "";
				PRODUCT_NAME = "$(TARGET_NAME)";
				PROVISIONING_PROFILE = "";
				"PROVISIONING_PROFILE[sdk=iphoneos*]" = "";
				WRAPPER_EXTENSION = app;
			};
			name = "Ad hoc";
		};
		E7E9BEBC13F4DE9F00C113F1 /* Ad hoc */ = {
			isa = XCBuildConfiguration;
			buildSettings = {
				BUNDLE_LOADER = "$(BUILT_PRODUCTS_DIR)/EmojiCharades.app/EmojiCharades";
				FRAMEWORK_SEARCH_PATHS = (
					"$(SDKROOT)/Developer/Library/Frameworks",
					"$(DEVELOPER_LIBRARY_DIR)/Frameworks",
				);
				GCC_PRECOMPILE_PREFIX_HEADER = YES;
				GCC_PREFIX_HEADER = "EmojiCharades/EmojiCharades-Prefix.pch";
				INFOPLIST_FILE = "EmojiCharadesTests/EmojiCharadesTests-Info.plist";
				PRODUCT_NAME = "$(TARGET_NAME)";
				TEST_HOST = "$(BUNDLE_LOADER)";
				WRAPPER_EXTENSION = octest;
			};
			name = "Ad hoc";
		};
/* End XCBuildConfiguration section */

/* Begin XCConfigurationList section */
		E7AF379C13E4B98200DB58CA /* Build configuration list for PBXProject "EmojiCharades" */ = {
			isa = XCConfigurationList;
			buildConfigurations = (
				E7AF37DE13E4B98300DB58CA /* Debug */,
				E7AF37DF13E4B98300DB58CA /* Release */,
				E7E9BEBA13F4DE9F00C113F1 /* Ad hoc */,
			);
			defaultConfigurationIsVisible = 0;
			defaultConfigurationName = Release;
		};
		E7AF37E013E4B98300DB58CA /* Build configuration list for PBXNativeTarget "EmojiCharades" */ = {
			isa = XCConfigurationList;
			buildConfigurations = (
				E7AF37E113E4B98300DB58CA /* Debug */,
				E7AF37E213E4B98300DB58CA /* Release */,
				E7E9BEBB13F4DE9F00C113F1 /* Ad hoc */,
			);
			defaultConfigurationIsVisible = 0;
			defaultConfigurationName = Release;
		};
		E7AF37E313E4B98300DB58CA /* Build configuration list for PBXNativeTarget "EmojiCharadesTests" */ = {
			isa = XCConfigurationList;
			buildConfigurations = (
				E7AF37E413E4B98300DB58CA /* Debug */,
				E7AF37E513E4B98300DB58CA /* Release */,
				E7E9BEBC13F4DE9F00C113F1 /* Ad hoc */,
			);
			defaultConfigurationIsVisible = 0;
			defaultConfigurationName = Release;
		};
/* End XCConfigurationList section */

/* Begin XCVersionGroup section */
		E7AF37BA13E4B98300DB58CA /* EmojiCharades.xcdatamodeld */ = {
			isa = XCVersionGroup;
			children = (
				E78F7B381403131400120536 /* EmojiCharades 5.xcdatamodel */,
				E77B278A13F71915009BA273 /* EmojiCharades 2.xcdatamodel */,
				E7AF37BB13E4B98300DB58CA /* EmojiCharades.xcdatamodel */,
				E77B279D13FA2A30009BA273 /* EmojiCharades 4.xcdatamodel */,
				E77B278B13F8A921009BA273 /* EmojiCharades 3.xcdatamodel */,
			);
			currentVersion = E7AF37BB13E4B98300DB58CA /* EmojiCharades.xcdatamodel */;
			path = EmojiCharades.xcdatamodeld;
			sourceTree = "<group>";
			versionGroupType = wrapper.xcdatamodel;
		};
/* End XCVersionGroup section */
	};
	rootObject = E7AF379913E4B98200DB58CA /* Project object */;
}
